<?xml version="1.0" encoding="utf-8"?>
<Project ToolsVersion="4.0" xmlns="http://schemas.microsoft.com/developer/msbuild/2003">
  <ItemGroup>
    <Filter Include="Source Files">
      <UniqueIdentifier>{f24a1e51-9ee2-4f89-bfe2-c0666fa53160}</UniqueIdentifier>
      <Extensions>cpp;c;cxx;rc;def;r;odl;idl;hpj;bat</Extensions>
    </Filter>
    <Filter Include="Source Files\Common">
      <UniqueIdentifier>{58b61e51-6801-4d4d-9932-0b06db2152a7}</UniqueIdentifier>
    </Filter>
    <Filter Include="Header Files">
      <UniqueIdentifier>{a9e8d767-4c9f-4999-90a4-43699ad67cc3}</UniqueIdentifier>
      <Extensions>h;hpp;hxx;hm;inl</Extensions>
    </Filter>
  </ItemGroup>
  <ItemGroup>
    <ClCompile Include="GLFramePing.cpp">
      <Filter>Source Files</Filter>
    </ClCompile>
    <ClCompile Include="PingPlugin.cpp">
      <Filter>Source Files</Filter>
    </ClCompile>
    <ClCompile Include="..\..\Common\ConfigParser.cpp">
      <Filter>Source Files\Common</Filter>
    </ClCompile>
  </ItemGroup>
  <ItemGroup>
    <ClInclude Include="PingPlugin.h">
      <Filter>Source Files</Filter>
    </ClInclude>
    <ClInclude Include="..\..\Common\ConfigParser.h">
      <Filter>Source Files\Common</Filter>
    </ClInclude>
    <ClInclude Include="CommonErrorLog.h">
      <Filter>Header Files</Filter>
    </ClInclude>
    <ClInclude Include="..\..\MainLib\InterceptPluginInterface.h">
      <Filter>Header Files</Filter>
    </ClInclude>
  </ItemGroup>
  <ItemGroup>
    <CustomBuild Include="GLFramePing.def">
      <Filter>Source Files</Filter>
    </CustomBuild>
  </ItemGroup>
</Project>