<?xml version="1.0" encoding="utf-8"?>
<Project ToolsVersion="4.0" xmlns="http://schemas.microsoft.com/developer/msbuild/2003">
  <ItemGroup>
    <Filter Include="Source Files">
      <UniqueIdentifier>{4FC737F1-C7A5-4376-A066-2A32D752A2FF}</UniqueIdentifier>
      <Extensions>cpp;c;cc;cxx;def;odl;idl;hpj;bat;asm;asmx</Extensions>
    </Filter>
    <Filter Include="Header Files">
      <UniqueIdentifier>{93995380-89BD-4b04-88EB-625FBE52EBFB}</UniqueIdentifier>
      <Extensions>h;hh;hpp;hxx;hm;inl;inc;xsd</Extensions>
    </Filter>
    <Filter Include="Resource Files">
      <UniqueIdentifier>{67DA6AB6-F800-4c08-8B7A-83BB121AAD01}</UniqueIdentifier>
      <Extensions>rc;ico;cur;bmp;dlg;rc2;rct;bin;rgs;gif;jpg;jpeg;jpe;resx;tiff;tif;png;wav;mfcribbon-ms</Extensions>
    </Filter>
    <Filter Include="Common">
      <UniqueIdentifier>{dfd56674-6ae7-4249-9907-eb4740e97031}</UniqueIdentifier>
    </Filter>
    <Filter Include="Common\render">
      <UniqueIdentifier>{0972574a-57da-4ca8-a882-2b71c53afe1f}</UniqueIdentifier>
    </Filter>
    <Filter Include="Common\render\opengl">
      <UniqueIdentifier>{06ee32b4-7c85-4fbe-bd92-0927ffa00f1d}</UniqueIdentifier>
    </Filter>
    <Filter Include="Common\material">
      <UniqueIdentifier>{38223449-bec3-4ee0-9083-abdd642dd42a}</UniqueIdentifier>
    </Filter>
    <Filter Include="Common\loader">
      <UniqueIdentifier>{17857481-5584-495f-8376-f45eb3888feb}</UniqueIdentifier>
    </Filter>
    <Filter Include="Common\resource">
      <UniqueIdentifier>{0054aa2b-df82-449f-b319-271b70b1132d}</UniqueIdentifier>
    </Filter>
    <Filter Include="Common\geometry">
      <UniqueIdentifier>{482d3373-7f65-4329-a6e9-6dc7c743e184}</UniqueIdentifier>
    </Filter>
    <Filter Include="Common\scene">
      <UniqueIdentifier>{5a6bb68d-9a1a-47df-9de4-875d67a1fb04}</UniqueIdentifier>
    </Filter>
    <Filter Include="Common\event">
      <UniqueIdentifier>{71ef103c-a6c2-43ea-b08b-61c6765df646}</UniqueIdentifier>
    </Filter>
    <Filter Include="Common\profile">
      <UniqueIdentifier>{430c0f89-009b-4d0b-8829-585803a39b12}</UniqueIdentifier>
    </Filter>
    <Filter Include="Common\math">
      <UniqueIdentifier>{bd6fd5b8-20a0-4fd4-aa50-2822bedb2705}</UniqueIdentifier>
    </Filter>
    <Filter Include="Common\system">
      <UniqueIdentifier>{12e7d056-b520-443b-ab53-5f37b905397c}</UniqueIdentifier>
    </Filter>
    <Filter Include="Common\util">
      <UniqueIdentifier>{cb03dd18-8212-4e36-8471-e3948ea37116}</UniqueIdentifier>
    </Filter>
    <Filter Include="Common\world">
      <UniqueIdentifier>{52da72f3-2767-4e18-8036-24658e93c2cc}</UniqueIdentifier>
    </Filter>
  </ItemGroup>
  <ItemGroup>
    <ClCompile Include="passDepthMap2.cpp">
      <Filter>Source Files</Filter>
    </ClCompile>
    <ClCompile Include="..\..\src\nau\attribute.cpp">
      <Filter>Common</Filter>
    </ClCompile>
    <ClCompile Include="..\..\src\nau\attributeValues.cpp">
      <Filter>Common</Filter>
    </ClCompile>
    <ClCompile Include="..\..\src\nau\clogger.cpp">
      <Filter>Common</Filter>
    </ClCompile>
    <ClCompile Include="..\..\src\nau\enums.cpp">
      <Filter>Common</Filter>
    </ClCompile>
    <ClCompile Include="..\..\src\nau\iNau.cpp">
      <Filter>Common</Filter>
    </ClCompile>
    <ClCompile Include="..\..\src\nau\nau.cpp">
      <Filter>Common</Filter>
    </ClCompile>
    <ClCompile Include="..\..\src\nau\slogger.cpp">
      <Filter>Common</Filter>
    </ClCompile>
    <ClCompile Include="..\..\src\nau\render\iAPISupport.cpp">
      <Filter>Common\render</Filter>
    </ClCompile>
    <ClCompile Include="..\..\src\nau\render\iGlobalState.cpp">
      <Filter>Common\render</Filter>
    </ClCompile>
    <ClCompile Include="..\..\src\nau\render\iRenderable.cpp">
      <Filter>Common\render</Filter>
    </ClCompile>
    <ClCompile Include="..\..\src\nau\render\iRenderer.cpp">
      <Filter>Common\render</Filter>
    </ClCompile>
    <ClCompile Include="..\..\src\nau\render\iRenderTarget.cpp">
      <Filter>Common\render</Filter>
    </ClCompile>
    <ClCompile Include="..\..\src\nau\render\materialSortRenderQueue.cpp">
      <Filter>Common\render</Filter>
    </ClCompile>
    <ClCompile Include="..\..\src\nau\render\pass.cpp">
      <Filter>Common\render</Filter>
    </ClCompile>
    <ClCompile Include="..\..\src\nau\render\passCompute.cpp">
      <Filter>Common\render</Filter>
    </ClCompile>
    <ClCompile Include="..\..\src\nau\render\passDepthMap.cpp">
      <Filter>Common\render</Filter>
    </ClCompile>
    <ClCompile Include="..\..\src\nau\render\passFactory.cpp">
      <Filter>Common\render</Filter>
    </ClCompile>
    <ClCompile Include="..\..\src\nau\render\passOptix.cpp">
      <Filter>Common\render</Filter>
    </ClCompile>
    <ClCompile Include="..\..\src\nau\render\passOptixPrime.cpp">
      <Filter>Common\render</Filter>
    </ClCompile>
    <ClCompile Include="..\..\src\nau\render\passProcessBuffer.cpp">
      <Filter>Common\render</Filter>
    </ClCompile>
    <ClCompile Include="..\..\src\nau\render\passProcessTexture.cpp">
      <Filter>Common\render</Filter>
    </ClCompile>
    <ClCompile Include="..\..\src\nau\render\passProfiler.cpp">
      <Filter>Common\render</Filter>
    </ClCompile>
    <ClCompile Include="..\..\src\nau\render\passQuad.cpp">
      <Filter>Common\render</Filter>
    </ClCompile>
    <ClCompile Include="..\..\src\nau\render\pipeline.cpp">
      <Filter>Common\render</Filter>
    </ClCompile>
    <ClCompile Include="..\..\src\nau\render\renderFactory.cpp">
      <Filter>Common\render</Filter>
    </ClCompile>
    <ClCompile Include="..\..\src\nau\render\renderManager.cpp">
      <Filter>Common\render</Filter>
    </ClCompile>
    <ClCompile Include="..\..\src\nau\render\renderQueueFactory.cpp">
      <Filter>Common\render</Filter>
    </ClCompile>
    <ClCompile Include="..\..\src\nau\render\viewport.cpp">
      <Filter>Common\render</Filter>
    </ClCompile>
    <ClCompile Include="..\..\src\nau\render\opengl\glAPISupport.cpp">
      <Filter>Common\render\opengl</Filter>
    </ClCompile>
    <ClCompile Include="..\..\src\nau\render\opengl\glBuffer.cpp">
      <Filter>Common\render\opengl</Filter>
    </ClCompile>
    <ClCompile Include="..\..\src\nau\render\opengl\glDebug.cpp">
      <Filter>Common\render\opengl</Filter>
    </ClCompile>
    <ClCompile Include="..\..\src\nau\render\opengl\glGlobalState.cpp">
      <Filter>Common\render\opengl</Filter>
    </ClCompile>
    <ClCompile Include="..\..\src\nau\render\opengl\glImageTexture.cpp">
      <Filter>Common\render\opengl</Filter>
    </ClCompile>
    <ClCompile Include="..\..\src\nau\render\opengl\glIndexArray.cpp">
      <Filter>Common\render\opengl</Filter>
    </ClCompile>
    <ClCompile Include="..\..\src\nau\render\opengl\glMaterialBuffer.cpp">
      <Filter>Common\render\opengl</Filter>
    </ClCompile>
    <ClCompile Include="..\..\src\nau\render\opengl\glMaterialGroup.cpp">
      <Filter>Common\render\opengl</Filter>
    </ClCompile>
    <ClCompile Include="..\..\src\nau\render\opengl\glProgram.cpp">
      <Filter>Common\render\opengl</Filter>
    </ClCompile>
    <ClCompile Include="..\..\src\nau\render\opengl\glRenderer.cpp">
      <Filter>Common\render\opengl</Filter>
    </ClCompile>
    <ClCompile Include="..\..\src\nau\render\opengl\glRenderTarget.cpp">
      <Filter>Common\render\opengl</Filter>
    </ClCompile>
    <ClCompile Include="..\..\src\nau\render\opengl\glState.cpp">
      <Filter>Common\render\opengl</Filter>
    </ClCompile>
    <ClCompile Include="..\..\src\nau\render\opengl\glTexImage.cpp">
      <Filter>Common\render\opengl</Filter>
    </ClCompile>
    <ClCompile Include="..\..\src\nau\render\opengl\glTexture.cpp">
      <Filter>Common\render\opengl</Filter>
    </ClCompile>
    <ClCompile Include="..\..\src\nau\render\opengl\glTextureCubeMap.cpp">
      <Filter>Common\render\opengl</Filter>
    </ClCompile>
    <ClCompile Include="..\..\src\nau\render\opengl\glTextureSampler.cpp">
      <Filter>Common\render\opengl</Filter>
    </ClCompile>
    <ClCompile Include="..\..\src\nau\render\opengl\glUniform.cpp">
      <Filter>Common\render\opengl</Filter>
    </ClCompile>
    <ClCompile Include="..\..\src\nau\render\opengl\glUniformBlock.cpp">
      <Filter>Common\render\opengl</Filter>
    </ClCompile>
    <ClCompile Include="..\..\src\nau\render\opengl\glVertexArray.cpp">
      <Filter>Common\render\opengl</Filter>
    </ClCompile>
    <ClCompile Include="..\..\src\nau\material\colorMaterial.cpp">
      <Filter>Common\material</Filter>
    </ClCompile>
    <ClCompile Include="..\..\src\nau\material\iBuffer.cpp">
      <Filter>Common\material</Filter>
    </ClCompile>
    <ClCompile Include="..\..\src\nau\material\iImageTexture.cpp">
      <Filter>Common\material</Filter>
    </ClCompile>
    <ClCompile Include="..\..\src\nau\material\iMaterialBuffer.cpp">
      <Filter>Common\material</Filter>
    </ClCompile>
    <ClCompile Include="..\..\src\nau\material\iProgram.cpp">
      <Filter>Common\material</Filter>
    </ClCompile>
    <ClCompile Include="..\..\src\nau\material\iState.cpp">
      <Filter>Common\material</Filter>
    </ClCompile>
    <ClCompile Include="..\..\src\nau\material\iTexImage.cpp">
      <Filter>Common\material</Filter>
    </ClCompile>
    <ClCompile Include="..\..\src\nau\material\iTexture.cpp">
      <Filter>Common\material</Filter>
    </ClCompile>
    <ClCompile Include="..\..\src\nau\material\iTextureCubeMap.cpp">
      <Filter>Common\material</Filter>
    </ClCompile>
    <ClCompile Include="..\..\src\nau\material\iTextureSampler.cpp">
      <Filter>Common\material</Filter>
    </ClCompile>
    <ClCompile Include="..\..\src\nau\material\iUniform.cpp">
      <Filter>Common\material</Filter>
    </ClCompile>
    <ClCompile Include="..\..\src\nau\material\iUniformBlock.cpp">
      <Filter>Common\material</Filter>
    </ClCompile>
    <ClCompile Include="..\..\src\nau\material\material.cpp">
      <Filter>Common\material</Filter>
    </ClCompile>
    <ClCompile Include="..\..\src\nau\material\materialGroup.cpp">
      <Filter>Common\material</Filter>
    </ClCompile>
    <ClCompile Include="..\..\src\nau\material\materialId.cpp">
      <Filter>Common\material</Filter>
    </ClCompile>
    <ClCompile Include="..\..\src\nau\material\materialLib.cpp">
      <Filter>Common\material</Filter>
    </ClCompile>
    <ClCompile Include="..\..\src\nau\material\materialLibManager.cpp">
      <Filter>Common\material</Filter>
    </ClCompile>
    <ClCompile Include="..\..\src\nau\material\materialTexture.cpp">
      <Filter>Common\material</Filter>
    </ClCompile>
    <ClCompile Include="..\..\src\nau\material\programBlockValue.cpp">
      <Filter>Common\material</Filter>
    </ClCompile>
    <ClCompile Include="..\..\src\nau\material\programValue.cpp">
      <Filter>Common\material</Filter>
    </ClCompile>
    <ClCompile Include="..\..\src\nau\material\uniformBlockManager.cpp">
      <Filter>Common\material</Filter>
    </ClCompile>
    <ClCompile Include="..\..\src\nau\loader\assimpLoader.cpp">
      <Filter>Common\loader</Filter>
    </ClCompile>
    <ClCompile Include="..\..\src\nau\loader\cboLoader.cpp">
      <Filter>Common\loader</Filter>
    </ClCompile>
    <ClCompile Include="..\..\src\nau\loader\devilTextureLoader.cpp">
      <Filter>Common\loader</Filter>
    </ClCompile>
    <ClCompile Include="..\..\src\nau\loader\fontXmlLoader.cpp">
      <Filter>Common\loader</Filter>
    </ClCompile>
    <ClCompile Include="..\..\src\nau\loader\iTextureLoader.cpp">
      <Filter>Common\loader</Filter>
    </ClCompile>
    <ClCompile Include="..\..\src\nau\loader\objLoader.cpp">
      <Filter>Common\loader</Filter>
    </ClCompile>
    <ClCompile Include="..\..\src\nau\loader\ogreMeshLoader.cpp">
      <Filter>Common\loader</Filter>
    </ClCompile>
    <ClCompile Include="..\..\src\nau\loader\patchLoader.cpp">
      <Filter>Common\loader</Filter>
    </ClCompile>
    <ClCompile Include="..\..\src\nau\loader\projectLoader.cpp">
      <Filter>Common\loader</Filter>
    </ClCompile>
    <ClCompile Include="..\..\src\nau\loader\stateLoader.cpp">
      <Filter>Common\loader</Filter>
    </ClCompile>
    <ClCompile Include="..\..\src\nau\resource\fontManager.cpp">
      <Filter>Common\resource</Filter>
    </ClCompile>
    <ClCompile Include="..\..\src\nau\resource\resourceManager.cpp">
      <Filter>Common\resource</Filter>
    </ClCompile>
    <ClCompile Include="..\..\src\nau\geometry\axis.cpp">
      <Filter>Common\geometry</Filter>
    </ClCompile>
    <ClCompile Include="..\..\src\nau\geometry\boundingBox.cpp">
      <Filter>Common\geometry</Filter>
    </ClCompile>
    <ClCompile Include="..\..\src\nau\geometry\boundingBoxPrimitive.cpp">
      <Filter>Common\geometry</Filter>
    </ClCompile>
    <ClCompile Include="..\..\src\nau\geometry\boundingVolumeFactory.cpp">
      <Filter>Common\geometry</Filter>
    </ClCompile>
    <ClCompile Include="..\..\src\nau\geometry\box.cpp">
      <Filter>Common\geometry</Filter>
    </ClCompile>
    <ClCompile Include="..\..\src\nau\geometry\font.cpp">
      <Filter>Common\geometry</Filter>
    </ClCompile>
    <ClCompile Include="..\..\src\nau\geometry\frustum.cpp">
      <Filter>Common\geometry</Filter>
    </ClCompile>
    <ClCompile Include="..\..\src\nau\geometry\indexData.cpp">
      <Filter>Common\geometry</Filter>
    </ClCompile>
    <ClCompile Include="..\..\src\nau\geometry\mesh.cpp">
      <Filter>Common\geometry</Filter>
    </ClCompile>
    <ClCompile Include="..\..\src\nau\geometry\meshBones.cpp">
      <Filter>Common\geometry</Filter>
    </ClCompile>
    <ClCompile Include="..\..\src\nau\geometry\meshPoseAnim.cpp">
      <Filter>Common\geometry</Filter>
    </ClCompile>
    <ClCompile Include="..\..\src\nau\geometry\meshWithPose.cpp">
      <Filter>Common\geometry</Filter>
    </ClCompile>
    <ClCompile Include="..\..\src\nau\geometry\poseOffset.cpp">
      <Filter>Common\geometry</Filter>
    </ClCompile>
    <ClCompile Include="..\..\src\nau\geometry\primitive.cpp">
      <Filter>Common\geometry</Filter>
    </ClCompile>
    <ClCompile Include="..\..\src\nau\geometry\quad.cpp">
      <Filter>Common\geometry</Filter>
    </ClCompile>
    <ClCompile Include="..\..\src\nau\geometry\skeletonAnim.cpp">
      <Filter>Common\geometry</Filter>
    </ClCompile>
    <ClCompile Include="..\..\src\nau\geometry\skeletonBone.cpp">
      <Filter>Common\geometry</Filter>
    </ClCompile>
    <ClCompile Include="..\..\src\nau\geometry\sphere.cpp">
      <Filter>Common\geometry</Filter>
    </ClCompile>
    <ClCompile Include="..\..\src\nau\geometry\square.cpp">
      <Filter>Common\geometry</Filter>
    </ClCompile>
    <ClCompile Include="..\..\src\nau\geometry\vertexData.cpp">
      <Filter>Common\geometry</Filter>
    </ClCompile>
    <ClCompile Include="..\..\src\nau\scene\camera.cpp">
      <Filter>Common\scene</Filter>
    </ClCompile>
    <ClCompile Include="..\..\src\nau\scene\geometricObject.cpp">
      <Filter>Common\scene</Filter>
    </ClCompile>
    <ClCompile Include="..\..\src\nau\scene\iScene.cpp">
      <Filter>Common\scene</Filter>
    </ClCompile>
    <ClCompile Include="..\..\src\nau\scene\light.cpp">
      <Filter>Common\scene</Filter>
    </ClCompile>
    <ClCompile Include="..\..\src\nau\scene\lightFactory.cpp">
      <Filter>Common\scene</Filter>
    </ClCompile>
    <ClCompile Include="..\..\src\nau\scene\lightWithSwitch.cpp">
      <Filter>Common\scene</Filter>
    </ClCompile>
    <ClCompile Include="..\..\src\nau\scene\octree.cpp">
      <Filter>Common\scene</Filter>
    </ClCompile>
    <ClCompile Include="..\..\src\nau\scene\octreeByMat.cpp">
      <Filter>Common\scene</Filter>
    </ClCompile>
    <ClCompile Include="..\..\src\nau\scene\octreeByMatNode.cpp">
      <Filter>Common\scene</Filter>
    </ClCompile>
    <ClCompile Include="..\..\src\nau\scene\octreeByMatScene.cpp">
      <Filter>Common\scene</Filter>
    </ClCompile>
    <ClCompile Include="..\..\src\nau\scene\octreeNode.cpp">
      <Filter>Common\scene</Filter>
    </ClCompile>
    <ClCompile Include="..\..\src\nau\scene\octreeScene.cpp">
      <Filter>Common\scene</Filter>
    </ClCompile>
    <ClCompile Include="..\..\src\nau\scene\octreeUnified.cpp">
      <Filter>Common\scene</Filter>
    </ClCompile>
    <ClCompile Include="..\..\src\nau\scene\scene.cpp">
      <Filter>Common\scene</Filter>
    </ClCompile>
    <ClCompile Include="..\..\src\nau\scene\sceneAux.cpp">
      <Filter>Common\scene</Filter>
    </ClCompile>
    <ClCompile Include="..\..\src\nau\scene\sceneFactory.cpp">
      <Filter>Common\scene</Filter>
    </ClCompile>
    <ClCompile Include="..\..\src\nau\scene\sceneObject.cpp">
      <Filter>Common\scene</Filter>
    </ClCompile>
    <ClCompile Include="..\..\src\nau\scene\sceneObjectFactory.cpp">
      <Filter>Common\scene</Filter>
    </ClCompile>
    <ClCompile Include="..\..\src\nau\scene\scenePoseObject.cpp">
      <Filter>Common\scene</Filter>
    </ClCompile>
    <ClCompile Include="..\..\src\nau\scene\scenePoses.cpp">
      <Filter>Common\scene</Filter>
    </ClCompile>
    <ClCompile Include="..\..\src\nau\scene\sceneSkeleton.cpp">
      <Filter>Common\scene</Filter>
    </ClCompile>
    <ClCompile Include="..\..\src\nau\event\cameraMotion.cpp">
      <Filter>Common\event</Filter>
    </ClCompile>
    <ClCompile Include="..\..\src\nau\event\cameraOrientation.cpp">
      <Filter>Common\event</Filter>
    </ClCompile>
    <ClCompile Include="..\..\src\nau\event\eventCameraMotion.cpp">
      <Filter>Common\event</Filter>
    </ClCompile>
    <ClCompile Include="..\..\src\nau\event\eventCameraOrientation.cpp">
      <Filter>Common\event</Filter>
    </ClCompile>
    <ClCompile Include="..\..\src\nau\event\eventFactory.cpp">
      <Filter>Common\event</Filter>
    </ClCompile>
    <ClCompile Include="..\..\src\nau\event\eventFloat.cpp">
      <Filter>Common\event</Filter>
    </ClCompile>
    <ClCompile Include="..\..\src\nau\event\eventInt.cpp">
      <Filter>Common\event</Filter>
    </ClCompile>
    <ClCompile Include="..\..\src\nau\event\eventManager.cpp">
      <Filter>Common\event</Filter>
    </ClCompile>
    <ClCompile Include="..\..\src\nau\event\eventString.cpp">
      <Filter>Common\event</Filter>
    </ClCompile>
    <ClCompile Include="..\..\src\nau\event\eventVec3.cpp">
      <Filter>Common\event</Filter>
    </ClCompile>
    <ClCompile Include="..\..\src\nau\event\eventVec4.cpp">
      <Filter>Common\event</Filter>
    </ClCompile>
    <ClCompile Include="..\..\src\nau\event\interpolatorFactory.cpp">
      <Filter>Common\event</Filter>
    </ClCompile>
    <ClCompile Include="..\..\src\nau\event\listenerType.cpp">
      <Filter>Common\event</Filter>
    </ClCompile>
    <ClCompile Include="..\..\src\nau\event\objectAnimation.cpp">
      <Filter>Common\event</Filter>
    </ClCompile>
    <ClCompile Include="..\..\src\nau\event\positionInterpolator.cpp">
      <Filter>Common\event</Filter>
    </ClCompile>
    <ClCompile Include="..\..\src\nau\event\proximitySensor.cpp">
      <Filter>Common\event</Filter>
    </ClCompile>
    <ClCompile Include="..\..\src\nau\event\route.cpp">
      <Filter>Common\event</Filter>
    </ClCompile>
    <ClCompile Include="..\..\src\nau\event\sensorFactory.cpp">
      <Filter>Common\event</Filter>
    </ClCompile>
    <ClCompile Include="..\..\src\nau\event\timeSensor.cpp">
      <Filter>Common\event</Filter>
    </ClCompile>
    <ClCompile Include="..\..\src\nau\debug\profile.cpp">
      <Filter>Common\profile</Filter>
    </ClCompile>
    <ClCompile Include="..\..\src\nau\math\plane.cpp">
      <Filter>Common\math</Filter>
    </ClCompile>
    <ClCompile Include="..\..\src\nau\math\randomGen.cpp">
      <Filter>Common\math</Filter>
    </ClCompile>
    <ClCompile Include="..\..\src\nau\math\spherical.cpp">
      <Filter>Common\math</Filter>
    </ClCompile>
    <ClCompile Include="..\..\src\nau\system\file.cpp">
      <Filter>Common\system</Filter>
    </ClCompile>
    <ClCompile Include="..\..\src\nau\system\textutil.cpp">
      <Filter>Common\system</Filter>
    </ClCompile>
    <ClCompile Include="..\..\src\nau\util\tree.cpp">
      <Filter>Common\util</Filter>
    </ClCompile>
    <ClCompile Include="..\..\src\nau\world\bulletMotionState.cpp">
      <Filter>Common\world</Filter>
    </ClCompile>
    <ClCompile Include="..\..\src\nau\world\bulletWorld.cpp">
      <Filter>Common\world</Filter>
    </ClCompile>
    <ClCompile Include="..\..\src\nau\world\physicalObject.cpp">
      <Filter>Common\world</Filter>
    </ClCompile>
    <ClCompile Include="..\..\src\nau\world\worldFactory.cpp">
      <Filter>Common\world</Filter>
    </ClCompile>
  </ItemGroup>
  <ItemGroup>
    <ClInclude Include="passDepthMap2.h">
      <Filter>Source Files</Filter>
    </ClInclude>
    <ClInclude Include="..\..\src\iNau.h">
      <Filter>Common</Filter>
    </ClInclude>
    <ClInclude Include="..\..\src\nau\attribute.h">
      <Filter>Common</Filter>
    </ClInclude>
    <ClInclude Include="..\..\src\nau\attributeValues.h">
      <Filter>Common</Filter>
    </ClInclude>
    <ClInclude Include="..\..\src\nau\clogger.h">
      <Filter>Common</Filter>
    </ClInclude>
    <ClInclude Include="..\..\src\nau\config.h">
      <Filter>Common</Filter>
    </ClInclude>
    <ClInclude Include="..\..\src\nau\enums.h">
      <Filter>Common</Filter>
    </ClInclude>
    <ClInclude Include="..\..\src\nau\errors.h">
      <Filter>Common</Filter>
    </ClInclude>
    <ClInclude Include="..\..\src\nau\slogger.h">
      <Filter>Common</Filter>
    </ClInclude>
    <ClInclude Include="..\..\src\nau\render\iAPISupport.h">
      <Filter>Common\render</Filter>
    </ClInclude>
    <ClInclude Include="..\..\src\nau\render\iGlobalState.h">
      <Filter>Common\render</Filter>
    </ClInclude>
    <ClInclude Include="..\..\src\nau\render\iRenderable.h">
      <Filter>Common\render</Filter>
    </ClInclude>
    <ClInclude Include="..\..\src\nau\render\iRenderer.h">
      <Filter>Common\render</Filter>
    </ClInclude>
    <ClInclude Include="..\..\src\nau\render\iRenderQueue.h">
      <Filter>Common\render</Filter>
    </ClInclude>
    <ClInclude Include="..\..\src\nau\render\iRenderTarget.h">
      <Filter>Common\render</Filter>
    </ClInclude>
    <ClInclude Include="..\..\src\nau\render\materialSortRenderQueue.h">
      <Filter>Common\render</Filter>
    </ClInclude>
    <ClInclude Include="..\..\src\nau\render\pass.h">
      <Filter>Common\render</Filter>
    </ClInclude>
    <ClInclude Include="..\..\src\nau\render\passCompute.h">
      <Filter>Common\render</Filter>
    </ClInclude>
    <ClInclude Include="..\..\src\nau\render\passDepthMap.h">
      <Filter>Common\render</Filter>
    </ClInclude>
    <ClInclude Include="..\..\src\nau\render\passFactory.h">
      <Filter>Common\render</Filter>
    </ClInclude>
    <ClInclude Include="..\..\src\nau\render\passOptix.h">
      <Filter>Common\render</Filter>
    </ClInclude>
    <ClInclude Include="..\..\src\nau\render\passOptixPrime.h">
      <Filter>Common\render</Filter>
    </ClInclude>
    <ClInclude Include="..\..\src\nau\render\passProcessBuffer.h">
      <Filter>Common\render</Filter>
    </ClInclude>
    <ClInclude Include="..\..\src\nau\render\passProcessItem.h">
      <Filter>Common\render</Filter>
    </ClInclude>
    <ClInclude Include="..\..\src\nau\render\passProcessTexture.h">
      <Filter>Common\render</Filter>
    </ClInclude>
    <ClInclude Include="..\..\src\nau\render\passProfiler.h">
      <Filter>Common\render</Filter>
    </ClInclude>
    <ClInclude Include="..\..\src\nau\render\passQuad.h">
      <Filter>Common\render</Filter>
    </ClInclude>
    <ClInclude Include="..\..\src\nau\render\pipeline.h">
      <Filter>Common\render</Filter>
    </ClInclude>
    <ClInclude Include="..\..\src\nau\render\renderFactory.h">
      <Filter>Common\render</Filter>
    </ClInclude>
    <ClInclude Include="..\..\src\nau\render\renderManager.h">
      <Filter>Common\render</Filter>
    </ClInclude>
    <ClInclude Include="..\..\src\nau\render\renderQueueFactory.h">
      <Filter>Common\render</Filter>
    </ClInclude>
    <ClInclude Include="..\..\src\nau\render\viewport.h">
      <Filter>Common\render</Filter>
    </ClInclude>
    <ClInclude Include="..\..\src\nau\render\opengl\glAPISupport.h">
      <Filter>Common\render\opengl</Filter>
    </ClInclude>
    <ClInclude Include="..\..\src\nau\render\opengl\glBuffer.h">
      <Filter>Common\render\opengl</Filter>
    </ClInclude>
    <ClInclude Include="..\..\src\nau\render\opengl\glDebug.h">
      <Filter>Common\render\opengl</Filter>
    </ClInclude>
    <ClInclude Include="..\..\src\nau\render\opengl\glGlobalState.h">
      <Filter>Common\render\opengl</Filter>
    </ClInclude>
    <ClInclude Include="..\..\src\nau\render\opengl\glImageTexture.h">
      <Filter>Common\render\opengl</Filter>
    </ClInclude>
    <ClInclude Include="..\..\src\nau\render\opengl\glIndexArray.h">
      <Filter>Common\render\opengl</Filter>
    </ClInclude>
    <ClInclude Include="..\..\src\nau\render\opengl\glMaterialBuffer.h">
      <Filter>Common\render\opengl</Filter>
    </ClInclude>
    <ClInclude Include="..\..\src\nau\render\opengl\glMaterialGroup.h">
      <Filter>Common\render\opengl</Filter>
    </ClInclude>
    <ClInclude Include="..\..\src\nau\render\opengl\glProgram.h">
      <Filter>Common\render\opengl</Filter>
    </ClInclude>
    <ClInclude Include="..\..\src\nau\render\opengl\glRenderer.h">
      <Filter>Common\render\opengl</Filter>
    </ClInclude>
    <ClInclude Include="..\..\src\nau\render\opengl\glRenderTarget.h">
      <Filter>Common\render\opengl</Filter>
    </ClInclude>
    <ClInclude Include="..\..\src\nau\render\opengl\glState.h">
      <Filter>Common\render\opengl</Filter>
    </ClInclude>
    <ClInclude Include="..\..\src\nau\render\opengl\glTexImage.h">
      <Filter>Common\render\opengl</Filter>
    </ClInclude>
    <ClInclude Include="..\..\src\nau\render\opengl\glTexture.h">
      <Filter>Common\render\opengl</Filter>
    </ClInclude>
    <ClInclude Include="..\..\src\nau\render\opengl\glTextureCubeMap.h">
      <Filter>Common\render\opengl</Filter>
    </ClInclude>
    <ClInclude Include="..\..\src\nau\render\opengl\glTextureSampler.h">
      <Filter>Common\render\opengl</Filter>
    </ClInclude>
    <ClInclude Include="..\..\src\nau\render\opengl\glUniform.h">
      <Filter>Common\render\opengl</Filter>
    </ClInclude>
    <ClInclude Include="..\..\src\nau\render\opengl\glUniformBlock.h">
      <Filter>Common\render\opengl</Filter>
    </ClInclude>
    <ClInclude Include="..\..\src\nau\render\opengl\glVertexArray.h">
      <Filter>Common\render\opengl</Filter>
    </ClInclude>
    <ClInclude Include="..\..\src\nau\material\colorMaterial.h">
      <Filter>Common\material</Filter>
    </ClInclude>
    <ClInclude Include="..\..\src\nau\material\iBuffer.h">
      <Filter>Common\material</Filter>
    </ClInclude>
    <ClInclude Include="..\..\src\nau\material\iImageTexture.h">
      <Filter>Common\material</Filter>
    </ClInclude>
    <ClInclude Include="..\..\src\nau\material\iMaterialBuffer.h">
      <Filter>Common\material</Filter>
    </ClInclude>
    <ClInclude Include="..\..\src\nau\material\iProgram.h">
      <Filter>Common\material</Filter>
    </ClInclude>
    <ClInclude Include="..\..\src\nau\material\iState.h">
      <Filter>Common\material</Filter>
    </ClInclude>
    <ClInclude Include="..\..\src\nau\material\iTexImage.h">
      <Filter>Common\material</Filter>
    </ClInclude>
    <ClInclude Include="..\..\src\nau\material\iTexture.h">
      <Filter>Common\material</Filter>
    </ClInclude>
    <ClInclude Include="..\..\src\nau\material\iTextureCubeMap.h">
      <Filter>Common\material</Filter>
    </ClInclude>
    <ClInclude Include="..\..\src\nau\material\iTextureSampler.h">
      <Filter>Common\material</Filter>
    </ClInclude>
    <ClInclude Include="..\..\src\nau\material\iUniform.h">
      <Filter>Common\material</Filter>
    </ClInclude>
    <ClInclude Include="..\..\src\nau\material\iUniformBlock.h">
      <Filter>Common\material</Filter>
    </ClInclude>
    <ClInclude Include="..\..\src\nau\material\material.h">
      <Filter>Common\material</Filter>
    </ClInclude>
    <ClInclude Include="..\..\src\nau\material\materialGroup.h">
      <Filter>Common\material</Filter>
    </ClInclude>
    <ClInclude Include="..\..\src\nau\material\materialId.h">
      <Filter>Common\material</Filter>
    </ClInclude>
    <ClInclude Include="..\..\src\nau\material\materialLib.h">
      <Filter>Common\material</Filter>
    </ClInclude>
    <ClInclude Include="..\..\src\nau\material\materialLibManager.h">
      <Filter>Common\material</Filter>
    </ClInclude>
    <ClInclude Include="..\..\src\nau\material\materialTexture.h">
      <Filter>Common\material</Filter>
    </ClInclude>
    <ClInclude Include="..\..\src\nau\material\programBlockValue.h">
      <Filter>Common\material</Filter>
    </ClInclude>
    <ClInclude Include="..\..\src\nau\material\programValue.h">
      <Filter>Common\material</Filter>
    </ClInclude>
    <ClInclude Include="..\..\src\nau\material\uniformBlockManager.h">
      <Filter>Common\material</Filter>
    </ClInclude>
    <ClInclude Include="..\..\src\nau\loader\assimpLoader.h">
      <Filter>Common\loader</Filter>
    </ClInclude>
    <ClInclude Include="..\..\src\nau\loader\cboLoader.h">
      <Filter>Common\loader</Filter>
    </ClInclude>
    <ClInclude Include="..\..\src\nau\loader\devilTextureLoader.h">
      <Filter>Common\loader</Filter>
    </ClInclude>
    <ClInclude Include="..\..\src\nau\loader\fontXmlLoader.h">
      <Filter>Common\loader</Filter>
    </ClInclude>
    <ClInclude Include="..\..\src\nau\loader\iTextureLoader.h">
      <Filter>Common\loader</Filter>
    </ClInclude>
    <ClInclude Include="..\..\src\nau\loader\objLoader.h">
      <Filter>Common\loader</Filter>
    </ClInclude>
    <ClInclude Include="..\..\src\nau\loader\ogreMeshLoader.h">
      <Filter>Common\loader</Filter>
    </ClInclude>
    <ClInclude Include="..\..\src\nau\loader\patchLoader.h">
      <Filter>Common\loader</Filter>
    </ClInclude>
    <ClInclude Include="..\..\src\nau\loader\projectLoader.h">
      <Filter>Common\loader</Filter>
    </ClInclude>
    <ClInclude Include="..\..\src\nau\loader\stateLoader.h">
      <Filter>Common\loader</Filter>
    </ClInclude>
    <ClInclude Include="..\..\src\nau\resource\fontManager.h">
      <Filter>Common\resource</Filter>
    </ClInclude>
    <ClInclude Include="..\..\src\nau\resource\resourceManager.h">
      <Filter>Common\resource</Filter>
    </ClInclude>
    <ClInclude Include="..\..\src\nau\geometry\axis.h">
      <Filter>Common\geometry</Filter>
    </ClInclude>
    <ClInclude Include="..\..\src\nau\geometry\boundingBox.h">
      <Filter>Common\geometry</Filter>
    </ClInclude>
    <ClInclude Include="..\..\src\nau\geometry\boundingBoxPrimitive.h">
      <Filter>Common\geometry</Filter>
    </ClInclude>
    <ClInclude Include="..\..\src\nau\geometry\boundingVolumeFactory.h">
      <Filter>Common\geometry</Filter>
    </ClInclude>
    <ClInclude Include="..\..\src\nau\geometry\box.h">
      <Filter>Common\geometry</Filter>
    </ClInclude>
    <ClInclude Include="..\..\src\nau\geometry\font.h">
      <Filter>Common\geometry</Filter>
    </ClInclude>
    <ClInclude Include="..\..\src\nau\geometry\frustum.h">
      <Filter>Common\geometry</Filter>
    </ClInclude>
    <ClInclude Include="..\..\src\nau\geometry\iBoundingVolume.h">
      <Filter>Common\geometry</Filter>
    </ClInclude>
    <ClInclude Include="..\..\src\nau\geometry\indexData.h">
      <Filter>Common\geometry</Filter>
    </ClInclude>
    <ClInclude Include="..\..\src\nau\geometry\mesh.h">
      <Filter>Common\geometry</Filter>
    </ClInclude>
    <ClInclude Include="..\..\src\nau\geometry\meshBones.h">
      <Filter>Common\geometry</Filter>
    </ClInclude>
    <ClInclude Include="..\..\src\nau\geometry\meshPoseAnim.h">
      <Filter>Common\geometry</Filter>
    </ClInclude>
    <ClInclude Include="..\..\src\nau\geometry\meshWithPose.h">
      <Filter>Common\geometry</Filter>
    </ClInclude>
    <ClInclude Include="..\..\src\nau\geometry\poseOffset.h">
      <Filter>Common\geometry</Filter>
    </ClInclude>
    <ClInclude Include="..\..\src\nau\geometry\primitive.h">
      <Filter>Common\geometry</Filter>
    </ClInclude>
    <ClInclude Include="..\..\src\nau\geometry\quad.h">
      <Filter>Common\geometry</Filter>
    </ClInclude>
    <ClInclude Include="..\..\src\nau\geometry\skeletonAnim.h">
      <Filter>Common\geometry</Filter>
    </ClInclude>
    <ClInclude Include="..\..\src\nau\geometry\skeletonBone.h">
      <Filter>Common\geometry</Filter>
    </ClInclude>
    <ClInclude Include="..\..\src\nau\geometry\sphere.h">
      <Filter>Common\geometry</Filter>
    </ClInclude>
    <ClInclude Include="..\..\src\nau\geometry\square.h">
      <Filter>Common\geometry</Filter>
    </ClInclude>
    <ClInclude Include="..\..\src\nau\geometry\vertexData.h">
      <Filter>Common\geometry</Filter>
    </ClInclude>
    <ClInclude Include="..\..\src\nau\scene\camera.h">
      <Filter>Common\scene</Filter>
    </ClInclude>
    <ClInclude Include="..\..\src\nau\scene\geometricObject.h">
      <Filter>Common\scene</Filter>
    </ClInclude>
    <ClInclude Include="..\..\src\nau\scene\iScene.h">
      <Filter>Common\scene</Filter>
    </ClInclude>
    <ClInclude Include="..\..\src\nau\scene\iScenePartitioned.h">
      <Filter>Common\scene</Filter>
    </ClInclude>
    <ClInclude Include="..\..\src\nau\scene\light.h">
      <Filter>Common\scene</Filter>
    </ClInclude>
    <ClInclude Include="..\..\src\nau\scene\lightFactory.h">
      <Filter>Common\scene</Filter>
    </ClInclude>
    <ClInclude Include="..\..\src\nau\scene\lightWithSwitch.h">
      <Filter>Common\scene</Filter>
    </ClInclude>
    <ClInclude Include="..\..\src\nau\scene\octree.h">
      <Filter>Common\scene</Filter>
    </ClInclude>
    <ClInclude Include="..\..\src\nau\scene\octreeByMat.h">
      <Filter>Common\scene</Filter>
    </ClInclude>
    <ClInclude Include="..\..\src\nau\scene\octreeByMatNode.h">
      <Filter>Common\scene</Filter>
    </ClInclude>
    <ClInclude Include="..\..\src\nau\scene\octreeByMatScene.h">
      <Filter>Common\scene</Filter>
    </ClInclude>
    <ClInclude Include="..\..\src\nau\scene\octreeNode.h">
      <Filter>Common\scene</Filter>
    </ClInclude>
    <ClInclude Include="..\..\src\nau\scene\octreeScene.h">
      <Filter>Common\scene</Filter>
    </ClInclude>
    <ClInclude Include="..\..\src\nau\scene\octreeUnified.h">
      <Filter>Common\scene</Filter>
    </ClInclude>
    <ClInclude Include="..\..\src\nau\scene\scene.h">
      <Filter>Common\scene</Filter>
    </ClInclude>
    <ClInclude Include="..\..\src\nau\scene\sceneAux.h">
      <Filter>Common\scene</Filter>
    </ClInclude>
    <ClInclude Include="..\..\src\nau\scene\sceneFactory.h">
      <Filter>Common\scene</Filter>
    </ClInclude>
    <ClInclude Include="..\..\src\nau\scene\sceneObject.h">
      <Filter>Common\scene</Filter>
    </ClInclude>
    <ClInclude Include="..\..\src\nau\scene\sceneObjectFactory.h">
      <Filter>Common\scene</Filter>
    </ClInclude>
    <ClInclude Include="..\..\src\nau\scene\scenePoseObject.h">
      <Filter>Common\scene</Filter>
    </ClInclude>
    <ClInclude Include="..\..\src\nau\scene\scenePoses.h">
      <Filter>Common\scene</Filter>
    </ClInclude>
    <ClInclude Include="..\..\src\nau\scene\sceneSkeleton.h">
      <Filter>Common\scene</Filter>
    </ClInclude>
    <ClInclude Include="..\..\src\nau\event\cameraMotion.h">
      <Filter>Common\event</Filter>
    </ClInclude>
    <ClInclude Include="..\..\src\nau\event\cameraOrientation.h">
      <Filter>Common\event</Filter>
    </ClInclude>
    <ClInclude Include="..\..\src\nau\event\eventCameraMotion.h">
      <Filter>Common\event</Filter>
    </ClInclude>
    <ClInclude Include="..\..\src\nau\event\eventCameraOrientation.h">
      <Filter>Common\event</Filter>
    </ClInclude>
    <ClInclude Include="..\..\src\nau\event\eventFactory.h">
      <Filter>Common\event</Filter>
    </ClInclude>
    <ClInclude Include="..\..\src\nau\event\eventFloat.h">
      <Filter>Common\event</Filter>
    </ClInclude>
    <ClInclude Include="..\..\src\nau\event\eventInt.h">
      <Filter>Common\event</Filter>
    </ClInclude>
    <ClInclude Include="..\..\src\nau\event\eventManager.h">
      <Filter>Common\event</Filter>
    </ClInclude>
    <ClInclude Include="..\..\src\nau\event\eventString.h">
      <Filter>Common\event</Filter>
    </ClInclude>
    <ClInclude Include="..\..\src\nau\event\eventVec3.h">
      <Filter>Common\event</Filter>
    </ClInclude>
    <ClInclude Include="..\..\src\nau\event\eventVec4.h">
      <Filter>Common\event</Filter>
    </ClInclude>
    <ClInclude Include="..\..\src\nau\event\iEventData.h">
      <Filter>Common\event</Filter>
    </ClInclude>
    <ClInclude Include="..\..\src\nau\event\ilistener.h">
      <Filter>Common\event</Filter>
    </ClInclude>
    <ClInclude Include="..\..\src\nau\event\interpolator.h">
      <Filter>Common\event</Filter>
    </ClInclude>
    <ClInclude Include="..\..\src\nau\event\interpolatorFactory.h">
      <Filter>Common\event</Filter>
    </ClInclude>
    <ClInclude Include="..\..\src\nau\event\listenerType.h">
      <Filter>Common\event</Filter>
    </ClInclude>
    <ClInclude Include="..\..\src\nau\event\objectAnimation.h">
      <Filter>Common\event</Filter>
    </ClInclude>
    <ClInclude Include="..\..\src\nau\event\positionInterpolator.h">
      <Filter>Common\event</Filter>
    </ClInclude>
    <ClInclude Include="..\..\src\nau\event\proximitySensor.h">
      <Filter>Common\event</Filter>
    </ClInclude>
    <ClInclude Include="..\..\src\nau\event\route.h">
      <Filter>Common\event</Filter>
    </ClInclude>
    <ClInclude Include="..\..\src\nau\event\sensor.h">
      <Filter>Common\event</Filter>
    </ClInclude>
    <ClInclude Include="..\..\src\nau\event\sensorFactory.h">
      <Filter>Common\event</Filter>
    </ClInclude>
    <ClInclude Include="..\..\src\nau\event\timeSensor.h">
      <Filter>Common\event</Filter>
    </ClInclude>
    <ClInclude Include="..\..\src\nau\debug\profile.h">
      <Filter>Common\profile</Filter>
    </ClInclude>
    <ClInclude Include="..\..\src\nau\math\matrix.h">
      <Filter>Common\math</Filter>
    </ClInclude>
    <ClInclude Include="..\..\src\nau\math\mtrand.h">
      <Filter>Common\math</Filter>
    </ClInclude>
    <ClInclude Include="..\..\src\nau\math\plane.h">
      <Filter>Common\math</Filter>
    </ClInclude>
    <ClInclude Include="..\..\src\nau\math\randomGen.h">
      <Filter>Common\math</Filter>
    </ClInclude>
    <ClInclude Include="..\..\src\nau\math\spherical.h">
      <Filter>Common\math</Filter>
    </ClInclude>
    <ClInclude Include="..\..\src\nau\math\utils.h">
      <Filter>Common\math</Filter>
    </ClInclude>
    <ClInclude Include="..\..\src\nau\math\vec2.h">
      <Filter>Common\math</Filter>
    </ClInclude>
    <ClInclude Include="..\..\src\nau\math\vec3.h">
      <Filter>Common\math</Filter>
    </ClInclude>
    <ClInclude Include="..\..\src\nau\math\vec4.h">
      <Filter>Common\math</Filter>
    </ClInclude>
    <ClInclude Include="..\..\src\nau\system\file.h">
      <Filter>Common\system</Filter>
    </ClInclude>
    <ClInclude Include="..\..\src\nau\system\textutil.h">
      <Filter>Common\system</Filter>
    </ClInclude>
    <ClInclude Include="..\..\src\nau\util\bimap.h">
      <Filter>Common\util</Filter>
    </ClInclude>
    <ClInclude Include="..\..\src\nau\util\tree.h">
      <Filter>Common\util</Filter>
    </ClInclude>
    <ClInclude Include="..\..\src\nau\world\bulletMotionState.h">
      <Filter>Common\world</Filter>
    </ClInclude>
    <ClInclude Include="..\..\src\nau\world\bulletWorld.h">
      <Filter>Common\world</Filter>
    </ClInclude>
    <ClInclude Include="..\..\src\nau\world\iWorld.h">
      <Filter>Common\world</Filter>
    </ClInclude>
    <ClInclude Include="..\..\src\nau\world\physicalObject.h">
      <Filter>Common\world</Filter>
    </ClInclude>
    <ClInclude Include="..\..\src\nau\world\worldFactory.h">
      <Filter>Common\world</Filter>
    </ClInclude>
  </ItemGroup>
</Project>