<?xml version="1.0" encoding="utf-8"?>
<Project ToolsVersion="4.0" xmlns="http://schemas.microsoft.com/developer/msbuild/2003">
  <ItemGroup>
    <Filter Include="Source Files">
      <UniqueIdentifier>{4FC737F1-C7A5-4376-A066-2A32D752A2FF}</UniqueIdentifier>
      <Extensions>cpp;c;cc;cxx;def;odl;idl;hpj;bat;asm;asmx</Extensions>
    </Filter>
    <Filter Include="Source Files\geometry">
      <UniqueIdentifier>{2059a5be-436c-40e9-bd81-1003f85016bc}</UniqueIdentifier>
    </Filter>
    <Filter Include="Source Files\loader">
      <UniqueIdentifier>{633ce31f-81ff-49fb-beb3-ae5f0fe50277}</UniqueIdentifier>
    </Filter>
    <Filter Include="Source Files\material">
      <UniqueIdentifier>{da580031-3073-4f44-a328-72023003cf69}</UniqueIdentifier>
    </Filter>
    <Filter Include="Source Files\math">
      <UniqueIdentifier>{15fdb1a2-5a3f-4842-8a8f-346351195f1a}</UniqueIdentifier>
    </Filter>
    <Filter Include="Source Files\render">
      <UniqueIdentifier>{9c7124ea-8c6e-4e77-a004-10149fc839b6}</UniqueIdentifier>
    </Filter>
    <Filter Include="Source Files\render\opengl">
      <UniqueIdentifier>{59c66afc-fe07-4b24-a2e2-371639e2a34a}</UniqueIdentifier>
    </Filter>
    <Filter Include="Source Files\resource">
      <UniqueIdentifier>{1a029650-639a-4a35-a1c0-3b04ba49c418}</UniqueIdentifier>
    </Filter>
    <Filter Include="Source Files\scene">
      <UniqueIdentifier>{65b7c584-74f9-4204-ba4e-b6598200d052}</UniqueIdentifier>
    </Filter>
    <Filter Include="Source Files\system">
      <UniqueIdentifier>{d1b65763-adcc-40b3-b35a-6cafbd3b9d00}</UniqueIdentifier>
    </Filter>
    <Filter Include="Source Files\world">
      <UniqueIdentifier>{26f3088a-0502-4e2a-9223-6a47109247d3}</UniqueIdentifier>
    </Filter>
    <Filter Include="Source Files\debug">
      <UniqueIdentifier>{b321e896-4b75-4edb-b494-007d5ac5f944}</UniqueIdentifier>
    </Filter>
    <Filter Include="Source Files\event">
      <UniqueIdentifier>{16bfeae6-9449-4790-8ea5-d564f6c84750}</UniqueIdentifier>
    </Filter>
    <Filter Include="Header Files">
      <UniqueIdentifier>{93995380-89BD-4b04-88EB-625FBE52EBFB}</UniqueIdentifier>
      <Extensions>h;hpp;hxx;hm;inl;inc;xsd</Extensions>
    </Filter>
    <Filter Include="Resource Files">
      <UniqueIdentifier>{67DA6AB6-F800-4c08-8B7A-83BB121AAD01}</UniqueIdentifier>
      <Extensions>rc;ico;cur;bmp;dlg;rc2;rct;bin;rgs;gif;jpg;jpeg;jpe;resx;tiff;tif;png;wav</Extensions>
    </Filter>
    <Filter Include="Source Files\render\optix">
      <UniqueIdentifier>{2dd6d8f3-2d35-4172-b707-9ec420118505}</UniqueIdentifier>
    </Filter>
    <Filter Include="OPTIX">
      <UniqueIdentifier>{14c68e0a-3c69-4513-bdd2-1b86bdc8d583}</UniqueIdentifier>
      <ParseFiles>true</ParseFiles>
    </Filter>
    <Filter Include="Source Files\util">
      <UniqueIdentifier>{becfe7e4-fd9d-41ae-88a4-5d2810dffd16}</UniqueIdentifier>
    </Filter>
  </ItemGroup>
  <ItemGroup>
    <ClCompile Include="..\src\nau\clogger.cpp">
      <Filter>Source Files</Filter>
    </ClCompile>
    <ClCompile Include="..\src\nau\nau.cpp">
      <Filter>Source Files</Filter>
    </ClCompile>
    <ClCompile Include="..\src\nau\enums.cpp">
      <Filter>Source Files</Filter>
    </ClCompile>
    <ClCompile Include="..\src\nau\slogger.cpp">
      <Filter>Source Files</Filter>
    </ClCompile>
    <ClCompile Include="..\src\nau\geometry\axis.cpp">
      <Filter>Source Files\geometry</Filter>
    </ClCompile>
    <ClCompile Include="..\src\nau\geometry\box.cpp">
      <Filter>Source Files\geometry</Filter>
    </ClCompile>
    <ClCompile Include="..\src\nau\geometry\frustum.cpp">
      <Filter>Source Files\geometry</Filter>
    </ClCompile>
    <ClCompile Include="..\src\nau\geometry\mesh.cpp">
      <Filter>Source Files\geometry</Filter>
    </ClCompile>
    <ClCompile Include="..\src\nau\geometry\primitive.cpp">
      <Filter>Source Files\geometry</Filter>
    </ClCompile>
    <ClCompile Include="..\src\nau\geometry\quad.cpp">
      <Filter>Source Files\geometry</Filter>
    </ClCompile>
    <ClCompile Include="..\src\nau\geometry\sphere.cpp">
      <Filter>Source Files\geometry</Filter>
    </ClCompile>
    <ClCompile Include="..\src\nau\loader\objLoader.cpp">
      <Filter>Source Files\loader</Filter>
    </ClCompile>
    <ClCompile Include="..\src\nau\material\material.cpp">
      <Filter>Source Files\material</Filter>
    </ClCompile>
    <ClCompile Include="..\src\nau\math\plane.cpp">
      <Filter>Source Files\math</Filter>
    </ClCompile>
    <ClCompile Include="..\src\nau\math\spherical.cpp">
      <Filter>Source Files\math</Filter>
    </ClCompile>
    <ClCompile Include="..\src\nau\render\pass.cpp">
      <Filter>Source Files\render</Filter>
    </ClCompile>
    <ClCompile Include="..\src\nau\render\pipeline.cpp">
      <Filter>Source Files\render</Filter>
    </ClCompile>
    <ClCompile Include="..\src\nau\scene\camera.cpp">
      <Filter>Source Files\scene</Filter>
    </ClCompile>
    <ClCompile Include="..\src\nau\scene\light.cpp">
      <Filter>Source Files\scene</Filter>
    </ClCompile>
    <ClCompile Include="..\src\nau\scene\lightFactory.cpp">
      <Filter>Source Files\scene</Filter>
    </ClCompile>
    <ClCompile Include="..\src\nau\scene\lightWithSwitch.cpp">
      <Filter>Source Files\scene</Filter>
    </ClCompile>
    <ClCompile Include="..\src\nau\scene\octree.cpp">
      <Filter>Source Files\scene</Filter>
    </ClCompile>
    <ClCompile Include="..\src\nau\scene\scene.cpp">
      <Filter>Source Files\scene</Filter>
    </ClCompile>
    <ClCompile Include="..\src\nau\system\file.cpp">
      <Filter>Source Files\system</Filter>
    </ClCompile>
    <ClCompile Include="..\src\nau\system\textutil.cpp">
      <Filter>Source Files\system</Filter>
    </ClCompile>
    <ClCompile Include="..\src\nau\debug\profile.cpp">
      <Filter>Source Files\debug</Filter>
    </ClCompile>
    <ClCompile Include="..\src\nau\event\cameraMotion.cpp">
      <Filter>Source Files\event</Filter>
    </ClCompile>
    <ClCompile Include="..\src\nau\event\cameraOrientation.cpp">
      <Filter>Source Files\event</Filter>
    </ClCompile>
    <ClCompile Include="..\src\nau\event\eventCameraMotion.cpp">
      <Filter>Source Files\event</Filter>
    </ClCompile>
    <ClCompile Include="..\src\nau\event\eventCameraOrientation.cpp">
      <Filter>Source Files\event</Filter>
    </ClCompile>
    <ClCompile Include="..\src\nau\event\eventFactory.cpp">
      <Filter>Source Files\event</Filter>
    </ClCompile>
    <ClCompile Include="..\src\nau\event\eventFloat.cpp">
      <Filter>Source Files\event</Filter>
    </ClCompile>
    <ClCompile Include="..\src\nau\event\eventInt.cpp">
      <Filter>Source Files\event</Filter>
    </ClCompile>
    <ClCompile Include="..\src\nau\event\eventManager.cpp">
      <Filter>Source Files\event</Filter>
    </ClCompile>
    <ClCompile Include="..\src\nau\event\eventString.cpp">
      <Filter>Source Files\event</Filter>
    </ClCompile>
    <ClCompile Include="..\src\nau\event\eventVec3.cpp">
      <Filter>Source Files\event</Filter>
    </ClCompile>
    <ClCompile Include="..\src\nau\event\eventVec4.cpp">
      <Filter>Source Files\event</Filter>
    </ClCompile>
    <ClCompile Include="..\src\nau\event\interpolatorFactory.cpp">
      <Filter>Source Files\event</Filter>
    </ClCompile>
    <ClCompile Include="..\src\nau\event\listenerType.cpp">
      <Filter>Source Files\event</Filter>
    </ClCompile>
    <ClCompile Include="..\src\nau\event\objectAnimation.cpp">
      <Filter>Source Files\event</Filter>
    </ClCompile>
    <ClCompile Include="..\src\nau\event\positionInterpolator.cpp">
      <Filter>Source Files\event</Filter>
    </ClCompile>
    <ClCompile Include="..\src\nau\event\proximitySensor.cpp">
      <Filter>Source Files\event</Filter>
    </ClCompile>
    <ClCompile Include="..\src\nau\event\route.cpp">
      <Filter>Source Files\event</Filter>
    </ClCompile>
    <ClCompile Include="..\src\nau\event\sensorFactory.cpp">
      <Filter>Source Files\event</Filter>
    </ClCompile>
    <ClCompile Include="..\src\nau\event\timeSensor.cpp">
      <Filter>Source Files\event</Filter>
    </ClCompile>
    <ClCompile Include="..\src\nau\event\touchSensor.cpp">
      <Filter>Source Files\event</Filter>
    </ClCompile>
    <ClCompile Include="..\src\nau\scene\octreeByMat.cpp">
      <Filter>Source Files\scene</Filter>
    </ClCompile>
    <ClCompile Include="..\src\nau\render\passOptix.cpp">
      <Filter>Source Files\render</Filter>
    </ClCompile>
    <ClCompile Include="..\src\nau\render\optix\optixMaterialLib.cpp">
      <Filter>Source Files\render\optix</Filter>
    </ClCompile>
    <ClCompile Include="..\src\nau\render\optix\optixRenderer.cpp">
      <Filter>Source Files\render\optix</Filter>
    </ClCompile>
    <ClCompile Include="..\src\nau\render\optix\optixGeometry.cpp">
      <Filter>Source Files\render\optix</Filter>
    </ClCompile>
    <ClCompile Include="..\src\nau\render\optix\optixBufferLib.cpp">
      <Filter>Source Files\render\optix</Filter>
    </ClCompile>
    <ClCompile Include="..\src\nau\render\optix\optixTextureLib.cpp">
      <Filter>Source Files\render\optix</Filter>
    </ClCompile>
    <ClCompile Include="..\src\nau\render\optix\optixMaterial.cpp">
      <Filter>Source Files\render\optix</Filter>
    </ClCompile>
    <ClCompile Include="..\src\nau\geometry\square.cpp">
      <Filter>Source Files\geometry</Filter>
    </ClCompile>
    <ClCompile Include="..\src\nau\render\passCompute.cpp">
      <Filter>Source Files\render</Filter>
    </ClCompile>
    <ClCompile Include="..\src\nau\loader\patchLoader.cpp">
      <Filter>Source Files\loader</Filter>
    </ClCompile>
    <ClCompile Include="..\src\nau\attributeValues.cpp">
      <Filter>Source Files</Filter>
    </ClCompile>
    <ClCompile Include="..\src\nau\attribute.cpp">
      <Filter>Source Files</Filter>
    </ClCompile>
    <ClCompile Include="..\src\nau\material\materialTexture.cpp">
      <Filter>Source Files\material</Filter>
    </ClCompile>
    <ClCompile Include="..\src\nau\render\opengl\glDebug.cpp">
      <Filter>Source Files\render\opengl</Filter>
    </ClCompile>
    <ClCompile Include="..\src\nau\render\passProcessTexture.cpp">
      <Filter>Source Files\render</Filter>
    </ClCompile>
    <ClCompile Include="..\src\nau\render\passProcessBuffer.cpp">
      <Filter>Source Files\render</Filter>
    </ClCompile>
    <ClCompile Include="..\src\nau\render\passQuad.cpp">
      <Filter>Source Files\render</Filter>
    </ClCompile>
    <ClCompile Include="..\src\nau\render\passProfiler.cpp">
      <Filter>Source Files\render</Filter>
    </ClCompile>
    <ClCompile Include="..\src\nau\geometry\boundingBoxPrimitive.cpp">
      <Filter>Source Files\geometry</Filter>
    </ClCompile>
    <ClCompile Include="..\src\nau\geometry\boundingBox.cpp">
      <Filter>Source Files\geometry</Filter>
    </ClCompile>
    <ClCompile Include="..\src\nau\geometry\boundingVolumeFactory.cpp">
      <Filter>Source Files\geometry</Filter>
    </ClCompile>
    <ClCompile Include="..\src\nau\geometry\meshBones.cpp">
      <Filter>Source Files\geometry</Filter>
    </ClCompile>
    <ClCompile Include="..\src\nau\geometry\meshPoseAnim.cpp">
      <Filter>Source Files\geometry</Filter>
    </ClCompile>
    <ClCompile Include="..\src\nau\geometry\meshWithPose.cpp">
      <Filter>Source Files\geometry</Filter>
    </ClCompile>
    <ClCompile Include="..\src\nau\geometry\skeletonAnim.cpp">
      <Filter>Source Files\geometry</Filter>
    </ClCompile>
    <ClCompile Include="..\src\nau\geometry\skeletonBone.cpp">
      <Filter>Source Files\geometry</Filter>
    </ClCompile>
    <ClCompile Include="..\src\nau\geometry\poseOffset.cpp">
      <Filter>Source Files\geometry</Filter>
    </ClCompile>
    <ClCompile Include="..\src\nau\loader\iTextureLoader.cpp">
      <Filter>Source Files\loader</Filter>
    </ClCompile>
    <ClCompile Include="..\src\nau\loader\assimpLoader.cpp">
      <Filter>Source Files\loader</Filter>
    </ClCompile>
    <ClCompile Include="..\src\nau\loader\devilTextureLoader.cpp">
      <Filter>Source Files\loader</Filter>
    </ClCompile>
    <ClCompile Include="..\src\nau\loader\fontXmlLoader.cpp">
      <Filter>Source Files\loader</Filter>
    </ClCompile>
    <ClCompile Include="..\src\nau\loader\ogreMeshLoader.cpp">
      <Filter>Source Files\loader</Filter>
    </ClCompile>
    <ClCompile Include="..\src\nau\loader\projectLoader.cpp">
      <Filter>Source Files\loader</Filter>
    </ClCompile>
    <ClCompile Include="..\src\nau\loader\projectLoaderDebugLinker.cpp">
      <Filter>Source Files\loader</Filter>
    </ClCompile>
    <ClCompile Include="..\src\nau\material\colorMaterial.cpp">
      <Filter>Source Files\material</Filter>
    </ClCompile>
    <ClCompile Include="..\src\nau\material\iMaterialBuffer.cpp">
      <Filter>Source Files\material</Filter>
    </ClCompile>
    <ClCompile Include="..\src\nau\material\materialGroup.cpp">
      <Filter>Source Files\material</Filter>
    </ClCompile>
    <ClCompile Include="..\src\nau\material\materialId.cpp">
      <Filter>Source Files\material</Filter>
    </ClCompile>
    <ClCompile Include="..\src\nau\material\materialLib.cpp">
      <Filter>Source Files\material</Filter>
    </ClCompile>
    <ClCompile Include="..\src\nau\material\materialLibManager.cpp">
      <Filter>Source Files\material</Filter>
    </ClCompile>
    <ClCompile Include="..\src\nau\material\programValue.cpp">
      <Filter>Source Files\material</Filter>
    </ClCompile>
    <ClCompile Include="..\src\nau\math\randomGen.cpp">
      <Filter>Source Files\math</Filter>
    </ClCompile>
    <ClCompile Include="..\src\nau\render\opengl\glBuffer.cpp">
      <Filter>Source Files\render\opengl</Filter>
    </ClCompile>
    <ClCompile Include="..\src\nau\render\opengl\glImageTexture.cpp">
      <Filter>Source Files\render\opengl</Filter>
    </ClCompile>
    <ClCompile Include="..\src\nau\render\opengl\glIndexArray.cpp">
      <Filter>Source Files\render\opengl</Filter>
    </ClCompile>
    <ClCompile Include="..\src\nau\render\opengl\glMaterialBuffer.cpp">
      <Filter>Source Files\render\opengl</Filter>
    </ClCompile>
    <ClCompile Include="..\src\nau\render\opengl\glMaterialGroup.cpp">
      <Filter>Source Files\render\opengl</Filter>
    </ClCompile>
    <ClCompile Include="..\src\nau\render\opengl\glProgram.cpp">
      <Filter>Source Files\render\opengl</Filter>
    </ClCompile>
    <ClCompile Include="..\src\nau\render\opengl\glRenderer.cpp">
      <Filter>Source Files\render\opengl</Filter>
    </ClCompile>
    <ClCompile Include="..\src\nau\render\opengl\glRenderTarget.cpp">
      <Filter>Source Files\render\opengl</Filter>
    </ClCompile>
    <ClCompile Include="..\src\nau\render\opengl\glState.cpp">
      <Filter>Source Files\render\opengl</Filter>
    </ClCompile>
    <ClCompile Include="..\src\nau\render\opengl\glTexImage.cpp">
      <Filter>Source Files\render\opengl</Filter>
    </ClCompile>
    <ClCompile Include="..\src\nau\render\opengl\glTexture.cpp">
      <Filter>Source Files\render\opengl</Filter>
    </ClCompile>
    <ClCompile Include="..\src\nau\render\opengl\glTextureCubeMap.cpp">
      <Filter>Source Files\render\opengl</Filter>
    </ClCompile>
    <ClCompile Include="..\src\nau\render\opengl\glTextureSampler.cpp">
      <Filter>Source Files\render\opengl</Filter>
    </ClCompile>
    <ClCompile Include="..\src\nau\render\opengl\glVertexArray.cpp">
      <Filter>Source Files\render\opengl</Filter>
    </ClCompile>
    <ClCompile Include="..\src\nau\render\iRenderable.cpp">
      <Filter>Source Files\render</Filter>
    </ClCompile>
    <ClCompile Include="..\src\nau\render\iRenderer.cpp">
      <Filter>Source Files\render</Filter>
    </ClCompile>
    <ClCompile Include="..\src\nau\material\iBuffer.cpp">
      <Filter>Source Files\material</Filter>
    </ClCompile>
    <ClCompile Include="..\src\nau\material\iProgram.cpp">
      <Filter>Source Files\material</Filter>
    </ClCompile>
    <ClCompile Include="..\src\nau\material\iState.cpp">
      <Filter>Source Files\material</Filter>
    </ClCompile>
    <ClCompile Include="..\src\nau\material\iUniform.cpp">
      <Filter>Source Files\material</Filter>
    </ClCompile>
    <ClCompile Include="..\src\nau\geometry\indexData.cpp">
      <Filter>Source Files\geometry</Filter>
    </ClCompile>
    <ClCompile Include="..\src\nau\geometry\vertexData.cpp">
      <Filter>Source Files\geometry</Filter>
    </ClCompile>
    <ClCompile Include="..\src\nau\render\viewport.cpp">
      <Filter>Source Files\render</Filter>
    </ClCompile>
    <ClCompile Include="..\src\nau\render\materialSortRenderQueue.cpp">
      <Filter>Source Files\render</Filter>
    </ClCompile>
    <ClCompile Include="..\src\nau\render\passFactory.cpp">
      <Filter>Source Files\render</Filter>
    </ClCompile>
    <ClCompile Include="..\src\nau\render\passOptixPrime.cpp">
      <Filter>Source Files\render</Filter>
    </ClCompile>
    <ClCompile Include="..\src\nau\render\renderFactory.cpp">
      <Filter>Source Files\render</Filter>
    </ClCompile>
    <ClCompile Include="..\src\nau\render\renderManager.cpp">
      <Filter>Source Files\render</Filter>
    </ClCompile>
    <ClCompile Include="..\src\nau\render\renderQueueFactory.cpp">
      <Filter>Source Files\render</Filter>
    </ClCompile>
    <ClCompile Include="..\src\nau\resource\fontManager.cpp">
      <Filter>Source Files\resource</Filter>
    </ClCompile>
    <ClCompile Include="..\src\nau\resource\resourceManager.cpp">
      <Filter>Source Files\resource</Filter>
    </ClCompile>
    <ClCompile Include="..\src\nau\geometry\font.cpp">
      <Filter>Source Files\geometry</Filter>
    </ClCompile>
    <ClCompile Include="..\src\nau\scene\geometricObject.cpp">
      <Filter>Source Files\scene</Filter>
    </ClCompile>
    <ClCompile Include="..\src\nau\scene\iScene.cpp">
      <Filter>Source Files\scene</Filter>
    </ClCompile>
    <ClCompile Include="..\src\nau\scene\octreeByMatNode.cpp">
      <Filter>Source Files\scene</Filter>
    </ClCompile>
    <ClCompile Include="..\src\nau\scene\octreeByMatScene.cpp">
      <Filter>Source Files\scene</Filter>
    </ClCompile>
    <ClCompile Include="..\src\nau\scene\octreeNode.cpp">
      <Filter>Source Files\scene</Filter>
    </ClCompile>
    <ClCompile Include="..\src\nau\scene\octreeScene.cpp">
      <Filter>Source Files\scene</Filter>
    </ClCompile>
    <ClCompile Include="..\src\nau\scene\octreeUnified.cpp">
      <Filter>Source Files\scene</Filter>
    </ClCompile>
    <ClCompile Include="..\src\nau\scene\sceneAux.cpp">
      <Filter>Source Files\scene</Filter>
    </ClCompile>
    <ClCompile Include="..\src\nau\scene\sceneFactory.cpp">
      <Filter>Source Files\scene</Filter>
    </ClCompile>
    <ClCompile Include="..\src\nau\scene\sceneObject.cpp">
      <Filter>Source Files\scene</Filter>
    </ClCompile>
    <ClCompile Include="..\src\nau\scene\sceneObjectFactory.cpp">
      <Filter>Source Files\scene</Filter>
    </ClCompile>
    <ClCompile Include="..\src\nau\scene\scenePoseObject.cpp">
      <Filter>Source Files\scene</Filter>
    </ClCompile>
    <ClCompile Include="..\src\nau\scene\scenePoses.cpp">
      <Filter>Source Files\scene</Filter>
    </ClCompile>
    <ClCompile Include="..\src\nau\scene\sceneSkeleton.cpp">
      <Filter>Source Files\scene</Filter>
    </ClCompile>
    <ClCompile Include="..\src\nau\world\bulletMotionState.cpp">
      <Filter>Source Files\world</Filter>
    </ClCompile>
    <ClCompile Include="..\src\nau\world\bulletWorld.cpp">
      <Filter>Source Files\world</Filter>
    </ClCompile>
    <ClCompile Include="..\src\nau\world\physicalObject.cpp">
      <Filter>Source Files\world</Filter>
    </ClCompile>
    <ClCompile Include="..\src\nau\world\worldFactory.cpp">
      <Filter>Source Files\world</Filter>
    </ClCompile>
    <ClCompile Include="..\src\nau\material\iTexImage.cpp">
      <Filter>Source Files\material</Filter>
    </ClCompile>
    <ClCompile Include="..\src\nau\material\iTexture.cpp">
      <Filter>Source Files\material</Filter>
    </ClCompile>
    <ClCompile Include="..\src\nau\material\iTextureCubeMap.cpp">
      <Filter>Source Files\material</Filter>
    </ClCompile>
    <ClCompile Include="..\src\nau\material\iTextureSampler.cpp">
      <Filter>Source Files\material</Filter>
    </ClCompile>
    <ClCompile Include="..\src\nau\material\iImageTexture.cpp">
      <Filter>Source Files\material</Filter>
    </ClCompile>
    <ClCompile Include="..\src\nau\render\passDepthMap.cpp">
      <Filter>Source Files\render</Filter>
    </ClCompile>
    <ClCompile Include="..\src\nau\render\iAPISupport.cpp">
      <Filter>Source Files\render</Filter>
    </ClCompile>
    <ClCompile Include="..\src\nau\render\opengl\glAPISupport.cpp">
      <Filter>Source Files\render\opengl</Filter>
    </ClCompile>
    <ClCompile Include="..\src\nau\material\iUniformBlock.cpp">
      <Filter>Source Files\material</Filter>
    </ClCompile>
    <ClCompile Include="..\src\nau\render\opengl\glUniformBlock.cpp">
      <Filter>Source Files\render\opengl</Filter>
    </ClCompile>
    <ClCompile Include="..\src\nau\material\uniformBlockManager.cpp">
      <Filter>Source Files\material</Filter>
    </ClCompile>
    <ClCompile Include="..\src\nau\material\programBlockValue.cpp">
      <Filter>Source Files\material</Filter>
    </ClCompile>
    <ClCompile Include="..\src\nau\render\opengl\glUniform.cpp">
      <Filter>Source Files\render\opengl</Filter>
    </ClCompile>
    <ClCompile Include="..\src\nau\loader\cboLoader.cpp">
      <Filter>Source Files\loader</Filter>
    </ClCompile>
    <ClCompile Include="..\src\nau\loader\stateLoader.cpp">
      <Filter>Source Files\loader</Filter>
    </ClCompile>
    <ClCompile Include="..\src\nau\render\iGlobalState.cpp">
      <Filter>Source Files\render</Filter>
    </ClCompile>
    <ClCompile Include="..\src\nau\render\opengl\glGlobalState.cpp">
      <Filter>Source Files\render\opengl</Filter>
    </ClCompile>
    <ClCompile Include="..\src\nau\util\tree.cpp">
      <Filter>Source Files\util</Filter>
    </ClCompile>
    <ClCompile Include="..\src\nau\render\iRenderTarget.cpp">
      <Filter>Source Files\render</Filter>
    </ClCompile>
  </ItemGroup>
  <ItemGroup>
    <ClInclude Include="..\src\nau\clogger.h">
      <Filter>Source Files</Filter>
    </ClInclude>
    <ClInclude Include="..\src\nau\config.h">
      <Filter>Source Files</Filter>
    </ClInclude>
    <ClInclude Include="..\src\nau.h">
      <Filter>Source Files</Filter>
    </ClInclude>
    <ClInclude Include="..\src\nau\enums.h">
      <Filter>Source Files</Filter>
    </ClInclude>
    <ClInclude Include="..\src\nau\errors.h">
      <Filter>Source Files</Filter>
    </ClInclude>
    <ClInclude Include="..\src\nau\slogger.h">
      <Filter>Source Files</Filter>
    </ClInclude>
    <ClInclude Include="..\src\nau\geometry\axis.h">
      <Filter>Source Files\geometry</Filter>
    </ClInclude>
    <ClInclude Include="..\src\nau\geometry\box.h">
      <Filter>Source Files\geometry</Filter>
    </ClInclude>
    <ClInclude Include="..\src\nau\geometry\frustum.h">
      <Filter>Source Files\geometry</Filter>
    </ClInclude>
    <ClInclude Include="..\src\nau\geometry\mesh.h">
      <Filter>Source Files\geometry</Filter>
    </ClInclude>
    <ClInclude Include="..\src\nau\geometry\primitive.h">
      <Filter>Source Files\geometry</Filter>
    </ClInclude>
    <ClInclude Include="..\src\nau\geometry\quad.h">
      <Filter>Source Files\geometry</Filter>
    </ClInclude>
    <ClInclude Include="..\src\nau\geometry\sphere.h">
      <Filter>Source Files\geometry</Filter>
    </ClInclude>
    <ClInclude Include="..\src\nau\loader\objLoader.h">
      <Filter>Source Files\loader</Filter>
    </ClInclude>
    <ClInclude Include="..\src\nau\material\material.h">
      <Filter>Source Files\material</Filter>
    </ClInclude>
    <ClInclude Include="..\src\nau\math\mtrand.h">
      <Filter>Source Files\math</Filter>
    </ClInclude>
    <ClInclude Include="..\src\nau\math\plane.h">
      <Filter>Source Files\math</Filter>
    </ClInclude>
    <ClInclude Include="..\src\nau\math\utils.h">
      <Filter>Source Files\math</Filter>
    </ClInclude>
    <ClInclude Include="..\src\nau\render\pass.h">
      <Filter>Source Files\render</Filter>
    </ClInclude>
    <ClInclude Include="..\src\nau\render\pipeline.h">
      <Filter>Source Files\render</Filter>
    </ClInclude>
    <ClInclude Include="..\src\nau\render\viewport.h">
      <Filter>Source Files\render</Filter>
    </ClInclude>
    <ClInclude Include="..\src\nau\scene\camera.h">
      <Filter>Source Files\scene</Filter>
    </ClInclude>
    <ClInclude Include="..\src\nau\scene\light.h">
      <Filter>Source Files\scene</Filter>
    </ClInclude>
    <ClInclude Include="..\src\nau\scene\lightFactory.h">
      <Filter>Source Files\scene</Filter>
    </ClInclude>
    <ClInclude Include="..\src\nau\scene\lightWithSwitch.h">
      <Filter>Source Files\scene</Filter>
    </ClInclude>
    <ClInclude Include="..\src\nau\scene\octree.h">
      <Filter>Source Files\scene</Filter>
    </ClInclude>
    <ClInclude Include="..\src\nau\scene\scene.h">
      <Filter>Source Files\scene</Filter>
    </ClInclude>
    <ClInclude Include="..\src\nau\system\file.h">
      <Filter>Source Files\system</Filter>
    </ClInclude>
    <ClInclude Include="..\src\nau\system\textutil.h">
      <Filter>Source Files\system</Filter>
    </ClInclude>
    <ClInclude Include="..\src\nau\debug\profile.h">
      <Filter>Source Files\debug</Filter>
    </ClInclude>
    <ClInclude Include="..\src\nau\event\cameraMotion.h">
      <Filter>Source Files\event</Filter>
    </ClInclude>
    <ClInclude Include="..\src\nau\event\cameraOrientation.h">
      <Filter>Source Files\event</Filter>
    </ClInclude>
    <ClInclude Include="..\src\nau\event\eventCameraMotion.h">
      <Filter>Source Files\event</Filter>
    </ClInclude>
    <ClInclude Include="..\src\nau\event\eventCameraOrientation.h">
      <Filter>Source Files\event</Filter>
    </ClInclude>
    <ClInclude Include="..\src\nau\event\eventFactory.h">
      <Filter>Source Files\event</Filter>
    </ClInclude>
    <ClInclude Include="..\src\nau\event\eventFloat.h">
      <Filter>Source Files\event</Filter>
    </ClInclude>
    <ClInclude Include="..\src\nau\event\eventInt.h">
      <Filter>Source Files\event</Filter>
    </ClInclude>
    <ClInclude Include="..\src\nau\event\eventManager.h">
      <Filter>Source Files\event</Filter>
    </ClInclude>
    <ClInclude Include="..\src\nau\event\eventString.h">
      <Filter>Source Files\event</Filter>
    </ClInclude>
    <ClInclude Include="..\src\nau\event\eventVec3.h">
      <Filter>Source Files\event</Filter>
    </ClInclude>
    <ClInclude Include="..\src\nau\event\eventVec4.h">
      <Filter>Source Files\event</Filter>
    </ClInclude>
    <ClInclude Include="..\src\nau\event\iEventData.h">
      <Filter>Source Files\event</Filter>
    </ClInclude>
    <ClInclude Include="..\src\nau\event\ilistener.h">
      <Filter>Source Files\event</Filter>
    </ClInclude>
    <ClInclude Include="..\src\nau\event\interpolator.h">
      <Filter>Source Files\event</Filter>
    </ClInclude>
    <ClInclude Include="..\src\nau\event\interpolatorFactory.h">
      <Filter>Source Files\event</Filter>
    </ClInclude>
    <ClInclude Include="..\src\nau\event\listenerType.h">
      <Filter>Source Files\event</Filter>
    </ClInclude>
    <ClInclude Include="..\src\nau\event\objectAnimation.h">
      <Filter>Source Files\event</Filter>
    </ClInclude>
    <ClInclude Include="..\src\nau\event\positionInterpolator.h">
      <Filter>Source Files\event</Filter>
    </ClInclude>
    <ClInclude Include="..\src\nau\event\proximitySensor.h">
      <Filter>Source Files\event</Filter>
    </ClInclude>
    <ClInclude Include="..\src\nau\event\route.h">
      <Filter>Source Files\event</Filter>
    </ClInclude>
    <ClInclude Include="..\src\nau\event\sensor.h">
      <Filter>Source Files\event</Filter>
    </ClInclude>
    <ClInclude Include="..\src\nau\event\sensorFactory.h">
      <Filter>Source Files\event</Filter>
    </ClInclude>
    <ClInclude Include="..\src\nau\event\timeSensor.h">
      <Filter>Source Files\event</Filter>
    </ClInclude>
    <ClInclude Include="..\src\nau\scene\octreeByMat.h">
      <Filter>Source Files\scene</Filter>
    </ClInclude>
    <ClInclude Include="..\src\nau\render\passOptix.h">
      <Filter>Source Files\render</Filter>
    </ClInclude>
    <ClInclude Include="..\src\nau\render\optix\optixMaterialLib.h">
      <Filter>Source Files\render\optix</Filter>
    </ClInclude>
    <ClInclude Include="..\src\nau\render\optix\optixRenderer.h">
      <Filter>Source Files\render\optix</Filter>
    </ClInclude>
    <ClInclude Include="..\src\nau\render\optix\optixGeometry.h">
      <Filter>Source Files\render\optix</Filter>
    </ClInclude>
    <ClInclude Include="..\src\nau\render\optix\optixBufferLib.h">
      <Filter>Source Files\render\optix</Filter>
    </ClInclude>
    <ClInclude Include="..\src\nau\render\optix\optixTextureLib.h">
      <Filter>Source Files\render\optix</Filter>
    </ClInclude>
    <ClInclude Include="..\src\nau\render\optix\optixMaterial.h">
      <Filter>Source Files\render\optix</Filter>
    </ClInclude>
    <ClInclude Include="..\src\nau\geometry\square.h">
      <Filter>Source Files\geometry</Filter>
    </ClInclude>
    <ClInclude Include="..\src\nau\render\passCompute.h">
      <Filter>Source Files\render</Filter>
    </ClInclude>
    <ClInclude Include="..\src\nau\loader\patchLoader.h">
      <Filter>Source Files\loader</Filter>
    </ClInclude>
    <ClInclude Include="..\src\nau\attribute.h">
      <Filter>Source Files</Filter>
    </ClInclude>
    <ClInclude Include="..\src\nau\attributeValues.h">
      <Filter>Source Files</Filter>
    </ClInclude>
    <ClInclude Include="..\src\nau\math\vec2.h">
      <Filter>Source Files\math</Filter>
    </ClInclude>
    <ClInclude Include="..\src\nau\math\vec3.h">
      <Filter>Source Files\math</Filter>
    </ClInclude>
    <ClInclude Include="..\src\nau\math\vec4.h">
      <Filter>Source Files\math</Filter>
    </ClInclude>
    <ClInclude Include="..\src\nau\math\matrix.h">
      <Filter>Source Files\math</Filter>
    </ClInclude>
    <ClInclude Include="..\src\nau\material\materialTexture.h">
      <Filter>Source Files\material</Filter>
    </ClInclude>
    <ClInclude Include="..\src\nau\render\opengl\glDebug.h">
      <Filter>Source Files\render\opengl</Filter>
    </ClInclude>
    <ClInclude Include="..\src\nau\render\passProcessItem.h">
      <Filter>Source Files\render</Filter>
    </ClInclude>
    <ClInclude Include="..\src\nau\render\passProcessTexture.h">
      <Filter>Source Files\render</Filter>
    </ClInclude>
    <ClInclude Include="..\src\nau\render\passProcessBuffer.h">
      <Filter>Source Files\render</Filter>
    </ClInclude>
    <ClInclude Include="..\src\nau\render\passProfiler.h">
      <Filter>Source Files\render</Filter>
    </ClInclude>
    <ClInclude Include="..\src\nau\geometry\boundingBoxPrimitive.h">
      <Filter>Source Files\geometry</Filter>
    </ClInclude>
    <ClInclude Include="..\src\nau\geometry\boundingBox.h">
      <Filter>Source Files\geometry</Filter>
    </ClInclude>
    <ClInclude Include="..\src\nau\geometry\boundingVolumeFactory.h">
      <Filter>Source Files\geometry</Filter>
    </ClInclude>
    <ClInclude Include="..\src\nau\geometry\iBoundingVolume.h">
      <Filter>Source Files\geometry</Filter>
    </ClInclude>
    <ClInclude Include="..\src\nau\geometry\meshBones.h">
      <Filter>Source Files\geometry</Filter>
    </ClInclude>
    <ClInclude Include="..\src\nau\geometry\meshPoseAnim.h">
      <Filter>Source Files\geometry</Filter>
    </ClInclude>
    <ClInclude Include="..\src\nau\geometry\meshWithPose.h">
      <Filter>Source Files\geometry</Filter>
    </ClInclude>
    <ClInclude Include="..\src\nau\geometry\skeletonAnim.h">
      <Filter>Source Files\geometry</Filter>
    </ClInclude>
    <ClInclude Include="..\src\nau\geometry\skeletonBone.h">
      <Filter>Source Files\geometry</Filter>
    </ClInclude>
    <ClInclude Include="..\src\nau\geometry\poseOffset.h">
      <Filter>Source Files\geometry</Filter>
    </ClInclude>
    <ClInclude Include="..\src\nau\loader\iTextureLoader.h">
      <Filter>Source Files\loader</Filter>
    </ClInclude>
    <ClInclude Include="..\src\nau\loader\assimpLoader.h">
      <Filter>Source Files\loader</Filter>
    </ClInclude>
    <ClInclude Include="..\src\nau\loader\cboLoader.h">
      <Filter>Source Files\loader</Filter>
    </ClInclude>
    <ClInclude Include="..\src\nau\loader\devilTextureLoader.h">
      <Filter>Source Files\loader</Filter>
    </ClInclude>
    <ClInclude Include="..\src\nau\loader\fontXmlLoader.h">
      <Filter>Source Files\loader</Filter>
    </ClInclude>
    <ClInclude Include="..\src\nau\loader\ogreMeshLoader.h">
      <Filter>Source Files\loader</Filter>
    </ClInclude>
    <ClInclude Include="..\src\nau\loader\projectLoader.h">
      <Filter>Source Files\loader</Filter>
    </ClInclude>
    <ClInclude Include="..\src\nau\loader\projectLoaderDebugLinker.h">
      <Filter>Source Files\loader</Filter>
    </ClInclude>
    <ClInclude Include="..\src\nau\material\colorMaterial.h">
      <Filter>Source Files\material</Filter>
    </ClInclude>
    <ClInclude Include="..\src\nau\material\iMaterialBuffer.h">
      <Filter>Source Files\material</Filter>
    </ClInclude>
    <ClInclude Include="..\src\nau\material\materialGroup.h">
      <Filter>Source Files\material</Filter>
    </ClInclude>
    <ClInclude Include="..\src\nau\material\materialId.h">
      <Filter>Source Files\material</Filter>
    </ClInclude>
    <ClInclude Include="..\src\nau\material\materialLib.h">
      <Filter>Source Files\material</Filter>
    </ClInclude>
    <ClInclude Include="..\src\nau\material\materialLibManager.h">
      <Filter>Source Files\material</Filter>
    </ClInclude>
    <ClInclude Include="..\src\nau\material\programValue.h">
      <Filter>Source Files\material</Filter>
    </ClInclude>
    <ClInclude Include="..\src\nau\math\randomGen.h">
      <Filter>Source Files\math</Filter>
    </ClInclude>
    <ClInclude Include="..\src\nau\render\opengl\glBuffer.h">
      <Filter>Source Files\render\opengl</Filter>
    </ClInclude>
    <ClInclude Include="..\src\nau\render\opengl\glImageTexture.h">
      <Filter>Source Files\render\opengl</Filter>
    </ClInclude>
    <ClInclude Include="..\src\nau\render\opengl\glIndexArray.h">
      <Filter>Source Files\render\opengl</Filter>
    </ClInclude>
    <ClInclude Include="..\src\nau\render\opengl\glMaterialBuffer.h">
      <Filter>Source Files\render\opengl</Filter>
    </ClInclude>
    <ClInclude Include="..\src\nau\render\opengl\glMaterialGroup.h">
      <Filter>Source Files\render\opengl</Filter>
    </ClInclude>
    <ClInclude Include="..\src\nau\render\opengl\glProgram.h">
      <Filter>Source Files\render\opengl</Filter>
    </ClInclude>
    <ClInclude Include="..\src\nau\render\opengl\glRenderer.h">
      <Filter>Source Files\render\opengl</Filter>
    </ClInclude>
    <ClInclude Include="..\src\nau\render\opengl\glRenderTarget.h">
      <Filter>Source Files\render\opengl</Filter>
    </ClInclude>
    <ClInclude Include="..\src\nau\render\opengl\glState.h">
      <Filter>Source Files\render\opengl</Filter>
    </ClInclude>
    <ClInclude Include="..\src\nau\render\opengl\glTexImage.h">
      <Filter>Source Files\render\opengl</Filter>
    </ClInclude>
    <ClInclude Include="..\src\nau\render\opengl\glTexture.h">
      <Filter>Source Files\render\opengl</Filter>
    </ClInclude>
    <ClInclude Include="..\src\nau\render\opengl\glTextureCubeMap.h">
      <Filter>Source Files\render\opengl</Filter>
    </ClInclude>
    <ClInclude Include="..\src\nau\render\opengl\glTextureSampler.h">
      <Filter>Source Files\render\opengl</Filter>
    </ClInclude>
    <ClInclude Include="..\src\nau\render\opengl\glVertexArray.h">
      <Filter>Source Files\render\opengl</Filter>
    </ClInclude>
    <ClInclude Include="..\src\nau\render\iRenderable.h">
      <Filter>Source Files\render</Filter>
    </ClInclude>
    <ClInclude Include="..\src\nau\render\iRenderer.h">
      <Filter>Source Files\render</Filter>
    </ClInclude>
    <ClInclude Include="..\src\nau\render\iRenderQueue.h">
      <Filter>Source Files\render</Filter>
    </ClInclude>
    <ClInclude Include="..\src\nau\material\iBuffer.h">
      <Filter>Source Files\material</Filter>
    </ClInclude>
    <ClInclude Include="..\src\nau\material\iProgram.h">
      <Filter>Source Files\material</Filter>
    </ClInclude>
    <ClInclude Include="..\src\nau\material\iState.h">
      <Filter>Source Files\material</Filter>
    </ClInclude>
    <ClInclude Include="..\src\nau\material\iUniform.h">
      <Filter>Source Files\material</Filter>
    </ClInclude>
    <ClInclude Include="..\src\nau\geometry\indexData.h">
      <Filter>Source Files\geometry</Filter>
    </ClInclude>
    <ClInclude Include="..\src\nau\geometry\vertexData.h">
      <Filter>Source Files\geometry</Filter>
    </ClInclude>
    <ClInclude Include="..\src\nau\render\materialSortRenderQueue.h">
      <Filter>Source Files\render</Filter>
    </ClInclude>
    <ClInclude Include="..\src\nau\render\passFactory.h">
      <Filter>Source Files\render</Filter>
    </ClInclude>
    <ClInclude Include="..\src\nau\render\passOptixPrime.h">
      <Filter>Source Files\render</Filter>
    </ClInclude>
    <ClInclude Include="..\src\nau\render\renderFactory.h">
      <Filter>Source Files\render</Filter>
    </ClInclude>
    <ClInclude Include="..\src\nau\render\renderManager.h">
      <Filter>Source Files\render</Filter>
    </ClInclude>
    <ClInclude Include="..\src\nau\render\renderQueueFactory.h">
      <Filter>Source Files\render</Filter>
    </ClInclude>
    <ClInclude Include="..\src\nau\resource\fontManager.h">
      <Filter>Source Files\resource</Filter>
    </ClInclude>
    <ClInclude Include="..\src\nau\resource\resourceManager.h">
      <Filter>Source Files\resource</Filter>
    </ClInclude>
    <ClInclude Include="..\src\nau\geometry\font.h">
      <Filter>Source Files\geometry</Filter>
    </ClInclude>
    <ClInclude Include="..\src\nau\scene\geometricObject.h">
      <Filter>Source Files\scene</Filter>
    </ClInclude>
    <ClInclude Include="..\src\nau\scene\iScene.h">
      <Filter>Source Files\scene</Filter>
    </ClInclude>
    <ClInclude Include="..\src\nau\scene\iScenePartitioned.h">
      <Filter>Source Files\scene</Filter>
    </ClInclude>
    <ClInclude Include="..\src\nau\scene\octreeByMatNode.h">
      <Filter>Source Files\scene</Filter>
    </ClInclude>
    <ClInclude Include="..\src\nau\scene\octreeByMatScene.h">
      <Filter>Source Files\scene</Filter>
    </ClInclude>
    <ClInclude Include="..\src\nau\scene\octreeNode.h">
      <Filter>Source Files\scene</Filter>
    </ClInclude>
    <ClInclude Include="..\src\nau\scene\octreeScene.h">
      <Filter>Source Files\scene</Filter>
    </ClInclude>
    <ClInclude Include="..\src\nau\scene\octreeUnified.h">
      <Filter>Source Files\scene</Filter>
    </ClInclude>
    <ClInclude Include="..\src\nau\scene\sceneAux.h">
      <Filter>Source Files\scene</Filter>
    </ClInclude>
    <ClInclude Include="..\src\nau\scene\sceneFactory.h">
      <Filter>Source Files\scene</Filter>
    </ClInclude>
    <ClInclude Include="..\src\nau\scene\sceneObject.h">
      <Filter>Source Files\scene</Filter>
    </ClInclude>
    <ClInclude Include="..\src\nau\scene\sceneObjectFactory.h">
      <Filter>Source Files\scene</Filter>
    </ClInclude>
    <ClInclude Include="..\src\nau\scene\scenePoseObject.h">
      <Filter>Source Files\scene</Filter>
    </ClInclude>
    <ClInclude Include="..\src\nau\scene\scenePoses.h">
      <Filter>Source Files\scene</Filter>
    </ClInclude>
    <ClInclude Include="..\src\nau\scene\sceneSkeleton.h">
      <Filter>Source Files\scene</Filter>
    </ClInclude>
    <ClInclude Include="..\src\nau\world\bulletMotionState.h">
      <Filter>Source Files\world</Filter>
    </ClInclude>
    <ClInclude Include="..\src\nau\world\bulletWorld.h">
      <Filter>Source Files\world</Filter>
    </ClInclude>
    <ClInclude Include="..\src\nau\world\iWorld.h">
      <Filter>Source Files\world</Filter>
    </ClInclude>
    <ClInclude Include="..\src\nau\world\physicalObject.h">
      <Filter>Source Files\world</Filter>
    </ClInclude>
    <ClInclude Include="..\src\nau\world\worldFactory.h">
      <Filter>Source Files\world</Filter>
    </ClInclude>
    <ClInclude Include="..\src\nau\material\iTexImage.h">
      <Filter>Source Files\material</Filter>
    </ClInclude>
    <ClInclude Include="..\src\nau\material\iTexture.h">
      <Filter>Source Files\material</Filter>
    </ClInclude>
    <ClInclude Include="..\src\nau\material\iTextureCubeMap.h">
      <Filter>Source Files\material</Filter>
    </ClInclude>
    <ClInclude Include="..\src\nau\material\iTextureSampler.h">
      <Filter>Source Files\material</Filter>
    </ClInclude>
    <ClInclude Include="..\src\nau\material\iImageTexture.h">
      <Filter>Source Files\material</Filter>
    </ClInclude>
    <ClInclude Include="..\src\nau\render\passDepthMap.h">
      <Filter>Source Files\render</Filter>
    </ClInclude>
    <ClInclude Include="..\src\nau\render\iAPISupport.h">
      <Filter>Source Files\render</Filter>
    </ClInclude>
    <ClInclude Include="..\src\nau\render\opengl\glAPISupport.h">
      <Filter>Source Files\render\opengl</Filter>
    </ClInclude>
    <ClInclude Include="..\src\nau\material\iUniformBlock.h">
      <Filter>Source Files\material</Filter>
    </ClInclude>
    <ClInclude Include="..\src\nau\render\opengl\glUniformBlock.h">
      <Filter>Source Files\render\opengl</Filter>
    </ClInclude>
    <ClInclude Include="..\src\nau\material\uniformBlockManager.h">
      <Filter>Source Files\material</Filter>
    </ClInclude>
    <ClInclude Include="..\src\nau\material\programBlockValue.h">
      <Filter>Source Files\material</Filter>
    </ClInclude>
    <ClInclude Include="..\src\nau\render\opengl\glUniform.h">
      <Filter>Source Files\render\opengl</Filter>
    </ClInclude>
    <ClInclude Include="..\src\nau\loader\stateLoader.h">
      <Filter>Source Files\loader</Filter>
    </ClInclude>
    <ClInclude Include="..\src\nau\render\iGlobalState.h">
      <Filter>Source Files\render</Filter>
    </ClInclude>
    <ClInclude Include="..\src\nau\render\opengl\glGlobalState.h">
      <Filter>Source Files\render\opengl</Filter>
    </ClInclude>
    <ClInclude Include="..\src\nau\util\tree.h">
      <Filter>Source Files\util</Filter>
    </ClInclude>
    <ClInclude Include="..\src\nau\bimap.h">
      <Filter>Source Files\util</Filter>
    </ClInclude>
    <ClInclude Include="..\src\nau\render\iRenderTarget.h">
      <Filter>Source Files\render</Filter>
    </ClInclude>
    <ClInclude Include="..\src\iNau.h">
      <Filter>Source Files</Filter>
    </ClInclude>
    <ClInclude Include="..\src\nau\math\number.h">
      <Filter>Source Files\math</Filter>
    </ClInclude>
    <ClInclude Include="..\src\nau\math\data.h">
      <Filter>Source Files\math</Filter>
    </ClInclude>
  </ItemGroup>
  <ItemGroup>
    <CustomBuildStep Include="..\src\nau\math\spherical.h">
      <Filter>Source Files\math</Filter>
    </CustomBuildStep>
    <CustomBuildStep Include="..\src\nau\event\touchSensor.h">
      <Filter>Source Files\event</Filter>
    </CustomBuildStep>
    <CustomBuildStep Include="..\src\nau\render\passQuad.h">
      <Filter>Source Files\render</Filter>
    </CustomBuildStep>
  </ItemGroup>
  <ItemGroup>
    <CustomBuild Include="..\src\optix\deferredShadows.cu">
      <Filter>OPTIX</Filter>
    </CustomBuild>
    <CustomBuild Include="..\src\optix\rtvssm.cu">
      <Filter>OPTIX</Filter>
    </CustomBuild>
    <CustomBuild Include="..\src\optix\common.cu">
      <Filter>OPTIX</Filter>
    </CustomBuild>
  </ItemGroup>
</Project>