<?xml version="1.0" encoding="utf-8"?>
<Project ToolsVersion="4.0" xmlns="http://schemas.microsoft.com/developer/msbuild/2003">
  <ItemGroup>
    <Filter Include="Source Files">
      <UniqueIdentifier>{641c93b7-b9fe-4909-a1e2-4d38435c3cb7}</UniqueIdentifier>
      <Extensions>cpp;c;cxx;rc;def;r;odl;idl;hpj;bat</Extensions>
    </Filter>
    <Filter Include="Source Files\Common">
      <UniqueIdentifier>{be6e38ff-a959-4c3d-84d5-191bcfbe2663}</UniqueIdentifier>
    </Filter>
    <Filter Include="Source Files\External">
      <UniqueIdentifier>{c96f7c99-1404-4471-97ef-ff1baacd8eb7}</UniqueIdentifier>
    </Filter>
    <Filter Include="Header Files">
      <UniqueIdentifier>{bbcd5c78-b4dd-4324-88ec-aeb22cdc7a9d}</UniqueIdentifier>
      <Extensions>h;hpp;hxx;hm;inl</Extensions>
    </Filter>
  </ItemGroup>
  <ItemGroup>
    <ClCompile Include="FCamInput.cpp">
      <Filter>Source Files</Filter>
    </ClCompile>
    <ClCompile Include="FCConfigData.cpp">
      <Filter>Source Files</Filter>
    </ClCompile>
    <ClCompile Include="FCViewCam.cpp">
      <Filter>Source Files</Filter>
    </ClCompile>
    <ClCompile Include="GLFreeCam.cpp">
      <Filter>Source Files</Filter>
    </ClCompile>
    <ClCompile Include="OpenGLFreeCamera.cpp">
      <Filter>Source Files</Filter>
    </ClCompile>
    <ClCompile Include="..\..\Common\ConfigParser.cpp">
      <Filter>Source Files\Common</Filter>
    </ClCompile>
    <ClCompile Include="..\..\Common\InputUtils.cpp">
      <Filter>Source Files\Common</Filter>
    </ClCompile>
    <ClCompile Include="..\..\Common\MiscUtils.cpp">
      <Filter>Source Files\Common</Filter>
    </ClCompile>
    <ClCompile Include="project.cpp">
      <Filter>Source Files\External</Filter>
    </ClCompile>
    <ClCompile Include="Vector.cpp">
      <Filter>Source Files\External</Filter>
    </ClCompile>
  </ItemGroup>
  <ItemGroup>
    <ClInclude Include="FCamInput.h">
      <Filter>Source Files</Filter>
    </ClInclude>
    <ClInclude Include="FCConfigData.h">
      <Filter>Source Files</Filter>
    </ClInclude>
    <ClInclude Include="FCViewCam.h">
      <Filter>Source Files</Filter>
    </ClInclude>
    <ClInclude Include="OpenGLFreeCamera.h">
      <Filter>Source Files</Filter>
    </ClInclude>
    <ClInclude Include="..\..\Common\ConfigParser.h">
      <Filter>Source Files\Common</Filter>
    </ClInclude>
    <ClInclude Include="..\..\Common\InputUtils.h">
      <Filter>Source Files\Common</Filter>
    </ClInclude>
    <ClInclude Include="..\..\Common\MiscUtils.h">
      <Filter>Source Files\Common</Filter>
    </ClInclude>
    <ClInclude Include="Vector.h">
      <Filter>Source Files\External</Filter>
    </ClInclude>
    <ClInclude Include="CommonErrorLog.h">
      <Filter>Header Files</Filter>
    </ClInclude>
    <ClInclude Include="..\..\MainLib\InterceptPluginInterface.h">
      <Filter>Header Files</Filter>
    </ClInclude>
  </ItemGroup>
  <ItemGroup>
    <None Include="..\..\..\Bin\Plugins\GLFreeCam\config.ini">
      <Filter>Header Files</Filter>
    </None>
    <None Include="GLFreeCam.def">
      <Filter>Header Files</Filter>
    </None>
  </ItemGroup>
</Project>