<?xml version="1.0" encoding="utf-8"?>
<Project ToolsVersion="4.0" xmlns="http://schemas.microsoft.com/developer/msbuild/2003">
  <ItemGroup>
    <Filter Include="Source Files">
      <UniqueIdentifier>{3cae8951-4f80-4be5-b134-f17b1849cd4b}</UniqueIdentifier>
      <Extensions>cpp;c;cxx;rc;def;r;odl;idl;hpj;bat</Extensions>
    </Filter>
    <Filter Include="Source Files\Interface">
      <UniqueIdentifier>{3cd61793-4053-4f92-bdbd-b6354a2ea952}</UniqueIdentifier>
    </Filter>
    <Filter Include="Source Files\Interface\Stubs">
      <UniqueIdentifier>{bbb34676-0bdb-44dd-b791-8d6112fa8659}</UniqueIdentifier>
    </Filter>
    <Filter Include="Source Files\FunctionTable">
      <UniqueIdentifier>{b2a2f4a6-2320-4c1a-a303-62bc9aaef99c}</UniqueIdentifier>
    </Filter>
    <Filter Include="Source Files\FunctionTable\ParameterData">
      <UniqueIdentifier>{93cc00a8-5a76-4337-af74-b94d2f25fb11}</UniqueIdentifier>
    </Filter>
    <Filter Include="Source Files\FunctionTable\EnumData">
      <UniqueIdentifier>{ee4e5ab2-6eb9-483a-925b-1f35326c7f89}</UniqueIdentifier>
    </Filter>
    <Filter Include="Source Files\BuiltInFunction">
      <UniqueIdentifier>{f3db6e24-f7f5-4872-bd80-94e48c0cca54}</UniqueIdentifier>
    </Filter>
    <Filter Include="Source Files\ExtensionFunction">
      <UniqueIdentifier>{9dd9ade5-069a-4bc2-bd76-1fce429cf9b7}</UniqueIdentifier>
    </Filter>
    <Filter Include="Source Files\InterceptLog">
      <UniqueIdentifier>{b4cffbe2-8b8c-48a5-ad13-7904979db2bc}</UniqueIdentifier>
    </Filter>
    <Filter Include="Source Files\InterceptData">
      <UniqueIdentifier>{7a390dfd-067c-4e1d-a18f-156c460d1ac7}</UniqueIdentifier>
    </Filter>
    <Filter Include="Source Files\InterceptData\Image">
      <UniqueIdentifier>{826fecb0-509a-403f-b6d0-a43a828b2971}</UniqueIdentifier>
    </Filter>
    <Filter Include="Source Files\InterceptData\Shader">
      <UniqueIdentifier>{e955dcd5-10f7-4313-a3eb-7b8ab103a002}</UniqueIdentifier>
    </Filter>
    <Filter Include="Source Files\InterceptData\Frame">
      <UniqueIdentifier>{32f52f8d-0168-4f8d-a375-d447be45db8c}</UniqueIdentifier>
    </Filter>
    <Filter Include="Source Files\InterceptData\DisplayList">
      <UniqueIdentifier>{763f85f6-f3ce-49e6-bf89-e81cae324945}</UniqueIdentifier>
    </Filter>
    <Filter Include="Source Files\InterceptData\ShaderGLSL">
      <UniqueIdentifier>{e1799753-9208-4f80-b7a9-d00557a11a15}</UniqueIdentifier>
    </Filter>
    <Filter Include="Source Files\InterceptPlugin">
      <UniqueIdentifier>{0d6bc3d2-671c-456c-8041-5cdbd9dedf65}</UniqueIdentifier>
    </Filter>
    <Filter Include="Header Files">
      <UniqueIdentifier>{0ac264a5-a51b-4f5f-8b27-121ffab2870d}</UniqueIdentifier>
      <Extensions>h;hpp;hxx;hm;inl</Extensions>
    </Filter>
    <Filter Include="DLLLoader">
      <UniqueIdentifier>{1b13a82b-4404-491d-a6c9-ef94f72b4323}</UniqueIdentifier>
    </Filter>
    <Filter Include="FunctionParser">
      <UniqueIdentifier>{9f13700e-481d-4c25-a424-4327503fce80}</UniqueIdentifier>
    </Filter>
    <Filter Include="Data Files">
      <UniqueIdentifier>{a7f9ed54-8d95-4644-a628-9ca77fa5543b}</UniqueIdentifier>
    </Filter>
    <Filter Include="Data Files\GLI_Includes">
      <UniqueIdentifier>{2e410bb5-1a05-4685-aa31-855886e106e7}</UniqueIdentifier>
    </Filter>
    <Filter Include="Data Files\GLI_Includes\Core">
      <UniqueIdentifier>{da3fadd8-9bcb-45a2-a79a-ca6ffdda46f2}</UniqueIdentifier>
    </Filter>
    <Filter Include="Data Files\GLI_Includes\WGL">
      <UniqueIdentifier>{1d68f9e8-d7ce-4aee-949f-591c779f9623}</UniqueIdentifier>
    </Filter>
    <Filter Include="Data Files\GLI_Includes\ARB">
      <UniqueIdentifier>{9437f0d4-04c7-4e8c-bde7-0b409c75c84f}</UniqueIdentifier>
    </Filter>
    <Filter Include="Data Files\GLI_Includes\ATI">
      <UniqueIdentifier>{6fbea856-3665-4414-9d70-4b36f990a869}</UniqueIdentifier>
    </Filter>
    <Filter Include="Data Files\GLI_Includes\NV">
      <UniqueIdentifier>{ccb9e938-81d2-4566-8ae0-df38261f9ef0}</UniqueIdentifier>
    </Filter>
    <Filter Include="Data Files\GLI_Includes\Misc">
      <UniqueIdentifier>{6331d2d6-01b6-4cc0-84e4-ac86dd1e0934}</UniqueIdentifier>
    </Filter>
    <Filter Include="Data Files\GLI_Includes\XGL">
      <UniqueIdentifier>{d2af6227-fa4d-4c84-85d9-059b1ad7d01c}</UniqueIdentifier>
    </Filter>
    <Filter Include="Data Files\XSL">
      <UniqueIdentifier>{89984275-6613-4968-8764-7667b889985d}</UniqueIdentifier>
    </Filter>
    <Filter Include="Data Files\Docs">
      <UniqueIdentifier>{485b064d-fcd7-4a47-a8e3-6108c676ff24}</UniqueIdentifier>
    </Filter>
    <Filter Include="Common">
      <UniqueIdentifier>{ef3b3657-c150-4f66-aea9-6e38cbd2ced3}</UniqueIdentifier>
    </Filter>
    <Filter Include="Common\ConfigParser">
      <UniqueIdentifier>{80f6153e-5115-4e1e-97fa-af285ff3330d}</UniqueIdentifier>
    </Filter>
    <Filter Include="Common\SysUtils">
      <UniqueIdentifier>{fd80ed62-ad63-48d3-ad57-7f7de93ee106}</UniqueIdentifier>
    </Filter>
  </ItemGroup>
  <ItemGroup>
    <ClCompile Include="ConfigData.cpp">
      <Filter>Source Files</Filter>
    </ClCompile>
    <ClCompile Include="GLContext.cpp">
      <Filter>Source Files</Filter>
    </ClCompile>
    <ClCompile Include="GLDriver.cpp">
      <Filter>Source Files</Filter>
    </ClCompile>
    <ClCompile Include="GLIntercept.cpp">
      <Filter>Source Files</Filter>
    </ClCompile>
    <ClCompile Include="GLCore1_1.cpp">
      <Filter>Source Files\Interface</Filter>
    </ClCompile>
    <ClCompile Include="GLCore1_2.cpp">
      <Filter>Source Files\Interface</Filter>
    </ClCompile>
    <ClCompile Include="GLWindows.cpp">
      <Filter>Source Files\Interface</Filter>
    </ClCompile>
    <ClCompile Include="GLStubs.cpp">
      <Filter>Source Files\Interface\Stubs</Filter>
    </ClCompile>
    <ClCompile Include="GLStubsWGL.cpp">
      <Filter>Source Files\Interface\Stubs</Filter>
    </ClCompile>
    <ClCompile Include="FunctionData.cpp">
      <Filter>Source Files\FunctionTable</Filter>
    </ClCompile>
    <ClCompile Include="FunctionTable.cpp">
      <Filter>Source Files\FunctionTable</Filter>
    </ClCompile>
    <ClCompile Include="ParameterData.cpp">
      <Filter>Source Files\FunctionTable\ParameterData</Filter>
    </ClCompile>
    <ClCompile Include="EnumData.cpp">
      <Filter>Source Files\FunctionTable\EnumData</Filter>
    </ClCompile>
    <ClCompile Include="BuiltInFunction.cpp">
      <Filter>Source Files\BuiltInFunction</Filter>
    </ClCompile>
    <ClCompile Include="ExtensionFunction.cpp">
      <Filter>Source Files\ExtensionFunction</Filter>
    </ClCompile>
    <ClCompile Include="ExtensionFunctionStubs.cpp">
      <Filter>Source Files\ExtensionFunction</Filter>
    </ClCompile>
    <ClCompile Include="ExtensionFunctionWrapper.cpp">
      <Filter>Source Files\ExtensionFunction</Filter>
    </ClCompile>
    <ClCompile Include="InterceptLog.cpp">
      <Filter>Source Files\InterceptLog</Filter>
    </ClCompile>
    <ClCompile Include="InterceptLogText.cpp">
      <Filter>Source Files\InterceptLog</Filter>
    </ClCompile>
    <ClCompile Include="InterceptLogXML.cpp">
      <Filter>Source Files\InterceptLog</Filter>
    </ClCompile>
    <ClCompile Include="InterceptData.cpp">
      <Filter>Source Files\InterceptData</Filter>
    </ClCompile>
    <ClCompile Include="ImageManager.cpp">
      <Filter>Source Files\InterceptData\Image</Filter>
    </ClCompile>
    <ClCompile Include="ImageSaveManager.cpp">
      <Filter>Source Files\InterceptData\Image</Filter>
    </ClCompile>
    <ClCompile Include="InterceptImage.cpp">
      <Filter>Source Files\InterceptData\Image</Filter>
    </ClCompile>
    <ClCompile Include="InterceptShader.cpp">
      <Filter>Source Files\InterceptData\Shader</Filter>
    </ClCompile>
    <ClCompile Include="ShaderManager.cpp">
      <Filter>Source Files\InterceptData\Shader</Filter>
    </ClCompile>
    <ClCompile Include="ShaderSaveManager.cpp">
      <Filter>Source Files\InterceptData\Shader</Filter>
    </ClCompile>
    <ClCompile Include="InterceptFrame.cpp">
      <Filter>Source Files\InterceptData\Frame</Filter>
    </ClCompile>
    <ClCompile Include="DisplayListManager.cpp">
      <Filter>Source Files\InterceptData\DisplayList</Filter>
    </ClCompile>
    <ClCompile Include="DisplayListSaveManager.cpp">
      <Filter>Source Files\InterceptData\DisplayList</Filter>
    </ClCompile>
    <ClCompile Include="InterceptDisplayList.cpp">
      <Filter>Source Files\InterceptData\DisplayList</Filter>
    </ClCompile>
    <ClCompile Include="InterceptShaderGLSL.cpp">
      <Filter>Source Files\InterceptData\ShaderGLSL</Filter>
    </ClCompile>
    <ClCompile Include="ShaderGLSLManager.cpp">
      <Filter>Source Files\InterceptData\ShaderGLSL</Filter>
    </ClCompile>
    <ClCompile Include="ShaderGLSLSaveManager.cpp">
      <Filter>Source Files\InterceptData\ShaderGLSL</Filter>
    </ClCompile>
    <ClCompile Include="InterceptPluginDLLInstance.cpp">
      <Filter>Source Files\InterceptPlugin</Filter>
    </ClCompile>
    <ClCompile Include="InterceptPluginInstance.cpp">
      <Filter>Source Files\InterceptPlugin</Filter>
    </ClCompile>
    <ClCompile Include="InterceptPluginManager.cpp">
      <Filter>Source Files\InterceptPlugin</Filter>
    </ClCompile>
    <ClCompile Include="DLLLoader.cpp">
      <Filter>DLLLoader</Filter>
    </ClCompile>
    <ClCompile Include="FunctionParser.cpp">
      <Filter>FunctionParser</Filter>
    </ClCompile>
    <ClCompile Include="..\Common\ConfigParser.cpp">
      <Filter>Common\ConfigParser</Filter>
    </ClCompile>
    <ClCompile Include="..\Common\ErrorLog.cpp">
      <Filter>Common\SysUtils</Filter>
    </ClCompile>
    <ClCompile Include="..\Common\FileUtils.cpp">
      <Filter>Common\SysUtils</Filter>
    </ClCompile>
    <ClCompile Include="..\Common\InputUtils.cpp">
      <Filter>Common\SysUtils</Filter>
    </ClCompile>
    <ClCompile Include="..\Common\MiscUtils.cpp">
      <Filter>Common\SysUtils</Filter>
    </ClCompile>
    <ClCompile Include="MovieMaker.cpp">
      <Filter>Common\SysUtils</Filter>
    </ClCompile>
    <ClCompile Include="ConfigDataExport.cpp">
      <Filter>Source Files</Filter>
    </ClCompile>
  </ItemGroup>
  <ItemGroup>
    <ClInclude Include="ConfigData.h">
      <Filter>Source Files</Filter>
    </ClInclude>
    <ClInclude Include="GLContext.h">
      <Filter>Source Files</Filter>
    </ClInclude>
    <ClInclude Include="GLDriver.h">
      <Filter>Source Files</Filter>
    </ClInclude>
    <ClInclude Include="GLIntercept.h">
      <Filter>Source Files</Filter>
    </ClInclude>
    <ClInclude Include="GLCore1_1.h">
      <Filter>Source Files\Interface</Filter>
    </ClInclude>
    <ClInclude Include="GLCore1_2.h">
      <Filter>Source Files\Interface</Filter>
    </ClInclude>
    <ClInclude Include="GLFunctions.h">
      <Filter>Source Files\Interface</Filter>
    </ClInclude>
    <ClInclude Include="GLWindows.h">
      <Filter>Source Files\Interface</Filter>
    </ClInclude>
    <ClInclude Include="GLStubs.h">
      <Filter>Source Files\Interface\Stubs</Filter>
    </ClInclude>
    <ClInclude Include="GLStubsWGL.h">
      <Filter>Source Files\Interface\Stubs</Filter>
    </ClInclude>
    <ClInclude Include="FunctionArgs.h">
      <Filter>Source Files\FunctionTable</Filter>
    </ClInclude>
    <ClInclude Include="FunctionData.h">
      <Filter>Source Files\FunctionTable</Filter>
    </ClInclude>
    <ClInclude Include="FunctionParamStore.h">
      <Filter>Source Files\FunctionTable</Filter>
    </ClInclude>
    <ClInclude Include="FunctionRetValue.h">
      <Filter>Source Files\FunctionTable</Filter>
    </ClInclude>
    <ClInclude Include="FunctionTable.h">
      <Filter>Source Files\FunctionTable</Filter>
    </ClInclude>
    <ClInclude Include="ParameterData.h">
      <Filter>Source Files\FunctionTable\ParameterData</Filter>
    </ClInclude>
    <ClInclude Include="EnumData.h">
      <Filter>Source Files\FunctionTable\EnumData</Filter>
    </ClInclude>
    <ClInclude Include="BuiltInFunction.h">
      <Filter>Source Files\BuiltInFunction</Filter>
    </ClInclude>
    <ClInclude Include="ExtensionFunction.h">
      <Filter>Source Files\ExtensionFunction</Filter>
    </ClInclude>
    <ClInclude Include="ExtensionFunctionWrapper.h">
      <Filter>Source Files\ExtensionFunction</Filter>
    </ClInclude>
    <ClInclude Include="InterceptLog.h">
      <Filter>Source Files\InterceptLog</Filter>
    </ClInclude>
    <ClInclude Include="InterceptLogText.h">
      <Filter>Source Files\InterceptLog</Filter>
    </ClInclude>
    <ClInclude Include="InterceptLogXML.h">
      <Filter>Source Files\InterceptLog</Filter>
    </ClInclude>
    <ClInclude Include="InterceptData.h">
      <Filter>Source Files\InterceptData</Filter>
    </ClInclude>
    <ClInclude Include="InterceptDataManager.h">
      <Filter>Source Files\InterceptData</Filter>
    </ClInclude>
    <ClInclude Include="ImageManager.h">
      <Filter>Source Files\InterceptData\Image</Filter>
    </ClInclude>
    <ClInclude Include="ImageSaveManager.h">
      <Filter>Source Files\InterceptData\Image</Filter>
    </ClInclude>
    <ClInclude Include="InterceptImage.h">
      <Filter>Source Files\InterceptData\Image</Filter>
    </ClInclude>
    <ClInclude Include="InterceptShader.h">
      <Filter>Source Files\InterceptData\Shader</Filter>
    </ClInclude>
    <ClInclude Include="ShaderManager.h">
      <Filter>Source Files\InterceptData\Shader</Filter>
    </ClInclude>
    <ClInclude Include="ShaderSaveManager.h">
      <Filter>Source Files\InterceptData\Shader</Filter>
    </ClInclude>
    <ClInclude Include="InterceptFrame.h">
      <Filter>Source Files\InterceptData\Frame</Filter>
    </ClInclude>
    <ClInclude Include="DisplayListManager.h">
      <Filter>Source Files\InterceptData\DisplayList</Filter>
    </ClInclude>
    <ClInclude Include="DisplayListSaveManager.h">
      <Filter>Source Files\InterceptData\DisplayList</Filter>
    </ClInclude>
    <ClInclude Include="InterceptDisplayList.h">
      <Filter>Source Files\InterceptData\DisplayList</Filter>
    </ClInclude>
    <ClInclude Include="InterceptShaderGLSL.h">
      <Filter>Source Files\InterceptData\ShaderGLSL</Filter>
    </ClInclude>
    <ClInclude Include="ShaderGLSLManager.h">
      <Filter>Source Files\InterceptData\ShaderGLSL</Filter>
    </ClInclude>
    <ClInclude Include="ShaderGLSLSaveManager.h">
      <Filter>Source Files\InterceptData\ShaderGLSL</Filter>
    </ClInclude>
    <ClInclude Include="InterceptPluginDLLInstance.h">
      <Filter>Source Files\InterceptPlugin</Filter>
    </ClInclude>
    <ClInclude Include="InterceptPluginInstance.h">
      <Filter>Source Files\InterceptPlugin</Filter>
    </ClInclude>
    <ClInclude Include="InterceptPluginInterface.h">
      <Filter>Source Files\InterceptPlugin</Filter>
    </ClInclude>
    <ClInclude Include="InterceptPluginManager.h">
      <Filter>Source Files\InterceptPlugin</Filter>
    </ClInclude>
    <ClInclude Include="GLDefines.h">
      <Filter>Header Files</Filter>
    </ClInclude>
    <ClInclude Include="GLInterceptConfig.h">
      <Filter>Header Files</Filter>
    </ClInclude>
    <ClInclude Include="DLLLoader.h">
      <Filter>DLLLoader</Filter>
    </ClInclude>
    <ClInclude Include="FunctionParser.h">
      <Filter>FunctionParser</Filter>
    </ClInclude>
    <ClInclude Include="..\..\Bin\GLFunctions\gliIncludes.h">
      <Filter>Data Files\GLI_Includes</Filter>
    </ClInclude>
    <ClInclude Include="..\..\Bin\GLFunctions\GLCore\GLCore1_1_Include.h">
      <Filter>Data Files\GLI_Includes\Core</Filter>
    </ClInclude>
    <ClInclude Include="..\..\Bin\GLFunctions\GLCore\GLCore1_2_Include.h">
      <Filter>Data Files\GLI_Includes\Core</Filter>
    </ClInclude>
    <ClInclude Include="..\..\Bin\GLFunctions\GLCore\GLCore1_3_Include.h">
      <Filter>Data Files\GLI_Includes\Core</Filter>
    </ClInclude>
    <ClInclude Include="..\..\Bin\GLFunctions\GLCore\GLCore1_4_Include.h">
      <Filter>Data Files\GLI_Includes\Core</Filter>
    </ClInclude>
    <ClInclude Include="..\..\Bin\GLFunctions\GLCore\GLCore1_5_Include.h">
      <Filter>Data Files\GLI_Includes\Core</Filter>
    </ClInclude>
    <ClInclude Include="..\..\Bin\GLFunctions\GLCore\GLCore2_0_Include.h">
      <Filter>Data Files\GLI_Includes\Core</Filter>
    </ClInclude>
    <ClInclude Include="..\..\Bin\GLFunctions\GLCore\GLCore2_1_Include.h">
      <Filter>Data Files\GLI_Includes\Core</Filter>
    </ClInclude>
    <ClInclude Include="..\..\Bin\GLFunctions\GLCore\GLCore3_0_Include.h">
      <Filter>Data Files\GLI_Includes\Core</Filter>
    </ClInclude>
    <ClInclude Include="..\..\Bin\GLFunctions\GLCore\GLCore3_1_Include.h">
      <Filter>Data Files\GLI_Includes\Core</Filter>
    </ClInclude>
    <ClInclude Include="..\..\Bin\GLFunctions\GLCore\GLCore3_2_Include.h">
      <Filter>Data Files\GLI_Includes\Core</Filter>
    </ClInclude>
    <ClInclude Include="..\..\Bin\GLFunctions\GLCore\GLCore3_3_Include.h">
      <Filter>Data Files\GLI_Includes\Core</Filter>
    </ClInclude>
    <ClInclude Include="..\..\Bin\GLFunctions\GLCore\GLCore4_0_Include.h">
      <Filter>Data Files\GLI_Includes\Core</Filter>
    </ClInclude>
    <ClInclude Include="..\..\Bin\GLFunctions\GLCore\GLCore4_1_Include.h">
      <Filter>Data Files\GLI_Includes\Core</Filter>
    </ClInclude>
    <ClInclude Include="..\..\Bin\GLFunctions\GLCore\GLCore4_2_Include.h">
      <Filter>Data Files\GLI_Includes\Core</Filter>
    </ClInclude>
    <ClInclude Include="..\..\Bin\GLFunctions\GLCore\GLCore4_3_Include.h">
      <Filter>Data Files\GLI_Includes\Core</Filter>
    </ClInclude>
    <ClInclude Include="..\..\Bin\GLFunctions\WGL\WGL_3DFX_multisample_Include.h">
      <Filter>Data Files\GLI_Includes\WGL</Filter>
    </ClInclude>
    <ClInclude Include="..\..\Bin\GLFunctions\WGL\WGL_3DL_stereo_control_Include.h">
      <Filter>Data Files\GLI_Includes\WGL</Filter>
    </ClInclude>
    <ClInclude Include="..\..\Bin\GLFunctions\WGL\WGL_AMD_gpu_association_Include.h">
      <Filter>Data Files\GLI_Includes\WGL</Filter>
    </ClInclude>
    <ClInclude Include="..\..\Bin\GLFunctions\WGL\WGL_ARB_buffer_region_Include.h">
      <Filter>Data Files\GLI_Includes\WGL</Filter>
    </ClInclude>
    <ClInclude Include="..\..\Bin\GLFunctions\WGL\WGL_ARB_create_context_Include.h">
      <Filter>Data Files\GLI_Includes\WGL</Filter>
    </ClInclude>
    <ClInclude Include="..\..\Bin\GLFunctions\WGL\WGL_ARB_create_context_profile_Include.h">
      <Filter>Data Files\GLI_Includes\WGL</Filter>
    </ClInclude>
    <ClInclude Include="..\..\Bin\GLFunctions\WGL\WGL_ARB_extensions_string_Include.h">
      <Filter>Data Files\GLI_Includes\WGL</Filter>
    </ClInclude>
    <ClInclude Include="..\..\Bin\GLFunctions\WGL\WGL_ARB_framebuffer_srgb_Include.h">
      <Filter>Data Files\GLI_Includes\WGL</Filter>
    </ClInclude>
    <ClInclude Include="..\..\Bin\GLFunctions\WGL\WGL_ARB_make_current_read_Include.h">
      <Filter>Data Files\GLI_Includes\WGL</Filter>
    </ClInclude>
    <ClInclude Include="..\..\Bin\GLFunctions\WGL\WGL_ARB_multisample_Include.h">
      <Filter>Data Files\GLI_Includes\WGL</Filter>
    </ClInclude>
    <ClInclude Include="..\..\Bin\GLFunctions\WGL\WGL_ARB_pbuffer_Include.h">
      <Filter>Data Files\GLI_Includes\WGL</Filter>
    </ClInclude>
    <ClInclude Include="..\..\Bin\GLFunctions\WGL\WGL_ARB_pixel_format_float_Include.h">
      <Filter>Data Files\GLI_Includes\WGL</Filter>
    </ClInclude>
    <ClInclude Include="..\..\Bin\GLFunctions\WGL\WGL_ARB_pixel_format_Include.h">
      <Filter>Data Files\GLI_Includes\WGL</Filter>
    </ClInclude>
    <ClInclude Include="..\..\Bin\GLFunctions\WGL\WGL_ARB_render_texture_Include.h">
      <Filter>Data Files\GLI_Includes\WGL</Filter>
    </ClInclude>
    <ClInclude Include="..\..\Bin\GLFunctions\WGL\WGL_ATI_pixel_format_float_Include.h">
      <Filter>Data Files\GLI_Includes\WGL</Filter>
    </ClInclude>
    <ClInclude Include="..\..\Bin\GLFunctions\WGL\WGL_EXT_depth_float_Include.h">
      <Filter>Data Files\GLI_Includes\WGL</Filter>
    </ClInclude>
    <ClInclude Include="..\..\Bin\GLFunctions\WGL\WGL_EXT_display_color_table_Include.h">
      <Filter>Data Files\GLI_Includes\WGL</Filter>
    </ClInclude>
    <ClInclude Include="..\..\Bin\GLFunctions\WGL\WGL_EXT_pixel_format_packed_float_Include.h">
      <Filter>Data Files\GLI_Includes\WGL</Filter>
    </ClInclude>
    <ClInclude Include="..\..\Bin\GLFunctions\WGL\WGL_EXT_swap_control_Include.h">
      <Filter>Data Files\GLI_Includes\WGL</Filter>
    </ClInclude>
    <ClInclude Include="..\..\Bin\GLFunctions\WGL\WGL_I3D_digital_video_control_Include.h">
      <Filter>Data Files\GLI_Includes\WGL</Filter>
    </ClInclude>
    <ClInclude Include="..\..\Bin\GLFunctions\WGL\WGL_I3D_gamma_Include.h">
      <Filter>Data Files\GLI_Includes\WGL</Filter>
    </ClInclude>
    <ClInclude Include="..\..\Bin\GLFunctions\WGL\WGL_I3D_genlock_Include.h">
      <Filter>Data Files\GLI_Includes\WGL</Filter>
    </ClInclude>
    <ClInclude Include="..\..\Bin\GLFunctions\WGL\WGL_I3D_image_buffer_Include.h">
      <Filter>Data Files\GLI_Includes\WGL</Filter>
    </ClInclude>
    <ClInclude Include="..\..\Bin\GLFunctions\WGL\WGL_I3D_swap_frame_lock_Include.h">
      <Filter>Data Files\GLI_Includes\WGL</Filter>
    </ClInclude>
    <ClInclude Include="..\..\Bin\GLFunctions\WGL\WGL_I3D_swap_frame_usage_Include.h">
      <Filter>Data Files\GLI_Includes\WGL</Filter>
    </ClInclude>
    <ClInclude Include="..\..\Bin\GLFunctions\WGL\WGL_NV_copy_image_Include.h">
      <Filter>Data Files\GLI_Includes\WGL</Filter>
    </ClInclude>
    <ClInclude Include="..\..\Bin\GLFunctions\WGL\WGL_NV_dx_interop_Include.h">
      <Filter>Data Files\GLI_Includes\WGL</Filter>
    </ClInclude>
    <ClInclude Include="..\..\Bin\GLFunctions\WGL\WGL_NV_float_buffer_Include.h">
      <Filter>Data Files\GLI_Includes\WGL</Filter>
    </ClInclude>
    <ClInclude Include="..\..\Bin\GLFunctions\WGL\WGL_NV_gpu_affinity_Include.h">
      <Filter>Data Files\GLI_Includes\WGL</Filter>
    </ClInclude>
    <ClInclude Include="..\..\Bin\GLFunctions\WGL\WGL_NV_multisample_coverage_Include.h">
      <Filter>Data Files\GLI_Includes\WGL</Filter>
    </ClInclude>
    <ClInclude Include="..\..\Bin\GLFunctions\WGL\WGL_NV_present_video_Include.h">
      <Filter>Data Files\GLI_Includes\WGL</Filter>
    </ClInclude>
    <ClInclude Include="..\..\Bin\GLFunctions\WGL\WGL_NV_render_depth_texture_Include.h">
      <Filter>Data Files\GLI_Includes\WGL</Filter>
    </ClInclude>
    <ClInclude Include="..\..\Bin\GLFunctions\WGL\WGL_NV_render_texture_rectangle_Include.h">
      <Filter>Data Files\GLI_Includes\WGL</Filter>
    </ClInclude>
    <ClInclude Include="..\..\Bin\GLFunctions\WGL\WGL_NV_swap_group_Include.h">
      <Filter>Data Files\GLI_Includes\WGL</Filter>
    </ClInclude>
    <ClInclude Include="..\..\Bin\GLFunctions\WGL\WGL_NV_video_capture_Include.h">
      <Filter>Data Files\GLI_Includes\WGL</Filter>
    </ClInclude>
    <ClInclude Include="..\..\Bin\GLFunctions\WGL\WGL_NV_video_output_Include.h">
      <Filter>Data Files\GLI_Includes\WGL</Filter>
    </ClInclude>
    <ClInclude Include="..\..\Bin\GLFunctions\WGL\WGL_OML_sync_control_Include.h">
      <Filter>Data Files\GLI_Includes\WGL</Filter>
    </ClInclude>
    <ClInclude Include="..\..\Bin\GLFunctions\WGL\WGLCore_Include.h">
      <Filter>Data Files\GLI_Includes\WGL</Filter>
    </ClInclude>
    <ClInclude Include="..\..\Bin\GLFunctions\ARB\ARB_cl_event_Include.h">
      <Filter>Data Files\GLI_Includes\ARB</Filter>
    </ClInclude>
    <ClInclude Include="..\..\Bin\GLFunctions\ARB\ARB_color_buffer_float_Include.h">
      <Filter>Data Files\GLI_Includes\ARB</Filter>
    </ClInclude>
    <ClInclude Include="..\..\Bin\GLFunctions\ARB\ARB_debug_output_Include.h">
      <Filter>Data Files\GLI_Includes\ARB</Filter>
    </ClInclude>
    <ClInclude Include="..\..\Bin\GLFunctions\ARB\ARB_draw_buffers_blend_Include.h">
      <Filter>Data Files\GLI_Includes\ARB</Filter>
    </ClInclude>
    <ClInclude Include="..\..\Bin\GLFunctions\ARB\ARB_draw_buffers_Include.h">
      <Filter>Data Files\GLI_Includes\ARB</Filter>
    </ClInclude>
    <ClInclude Include="..\..\Bin\GLFunctions\ARB\ARB_draw_instanced_Include.h">
      <Filter>Data Files\GLI_Includes\ARB</Filter>
    </ClInclude>
    <ClInclude Include="..\..\Bin\GLFunctions\ARB\ARB_geometry_shader4_Include.h">
      <Filter>Data Files\GLI_Includes\ARB</Filter>
    </ClInclude>
    <ClInclude Include="..\..\Bin\GLFunctions\ARB\ARB_instanced_arrays_Include.h">
      <Filter>Data Files\GLI_Includes\ARB</Filter>
    </ClInclude>
    <ClInclude Include="..\..\Bin\GLFunctions\ARB\ARB_matrix_palette_Include.h">
      <Filter>Data Files\GLI_Includes\ARB</Filter>
    </ClInclude>
    <ClInclude Include="..\..\Bin\GLFunctions\ARB\ARB_multisample_Include.h">
      <Filter>Data Files\GLI_Includes\ARB</Filter>
    </ClInclude>
    <ClInclude Include="..\..\Bin\GLFunctions\ARB\ARB_multitexture_Include.h">
      <Filter>Data Files\GLI_Includes\ARB</Filter>
    </ClInclude>
    <ClInclude Include="..\..\Bin\GLFunctions\ARB\ARB_occlusion_query_Include.h">
      <Filter>Data Files\GLI_Includes\ARB</Filter>
    </ClInclude>
    <ClInclude Include="..\..\Bin\GLFunctions\ARB\ARB_point_parameters_Include.h">
      <Filter>Data Files\GLI_Includes\ARB</Filter>
    </ClInclude>
    <ClInclude Include="..\..\Bin\GLFunctions\ARB\ARB_robustness_Include.h">
      <Filter>Data Files\GLI_Includes\ARB</Filter>
    </ClInclude>
    <ClInclude Include="..\..\Bin\GLFunctions\ARB\ARB_sample_shading_Include.h">
      <Filter>Data Files\GLI_Includes\ARB</Filter>
    </ClInclude>
    <ClInclude Include="..\..\Bin\GLFunctions\ARB\ARB_shader_objects_Include.h">
      <Filter>Data Files\GLI_Includes\ARB</Filter>
    </ClInclude>
    <ClInclude Include="..\..\Bin\GLFunctions\ARB\ARB_shading_language_include_Include.h">
      <Filter>Data Files\GLI_Includes\ARB</Filter>
    </ClInclude>
    <ClInclude Include="..\..\Bin\GLFunctions\ARB\ARB_shadow_ambient_Include.h">
      <Filter>Data Files\GLI_Includes\ARB</Filter>
    </ClInclude>
    <ClInclude Include="..\..\Bin\GLFunctions\ARB\ARB_texture_buffer_object_Include.h">
      <Filter>Data Files\GLI_Includes\ARB</Filter>
    </ClInclude>
    <ClInclude Include="..\..\Bin\GLFunctions\ARB\ARB_texture_compression_bptc_Include.h">
      <Filter>Data Files\GLI_Includes\ARB</Filter>
    </ClInclude>
    <ClInclude Include="..\..\Bin\GLFunctions\ARB\ARB_texture_compression_Include.h">
      <Filter>Data Files\GLI_Includes\ARB</Filter>
    </ClInclude>
    <ClInclude Include="..\..\Bin\GLFunctions\ARB\ARB_texture_float_Include.h">
      <Filter>Data Files\GLI_Includes\ARB</Filter>
    </ClInclude>
    <ClInclude Include="..\..\Bin\GLFunctions\ARB\ARB_texture_storage_Include.h">
      <Filter>Data Files\GLI_Includes\ARB</Filter>
    </ClInclude>
    <ClInclude Include="..\..\Bin\GLFunctions\ARB\ARB_transpose_matrix_Include.h">
      <Filter>Data Files\GLI_Includes\ARB</Filter>
    </ClInclude>
    <ClInclude Include="..\..\Bin\GLFunctions\ARB\ARB_vertex_blend_Include.h">
      <Filter>Data Files\GLI_Includes\ARB</Filter>
    </ClInclude>
    <ClInclude Include="..\..\Bin\GLFunctions\ARB\ARB_vertex_buffer_object_Include.h">
      <Filter>Data Files\GLI_Includes\ARB</Filter>
    </ClInclude>
    <ClInclude Include="..\..\Bin\GLFunctions\ARB\ARB_vertex_fragment_program_Include.h">
      <Filter>Data Files\GLI_Includes\ARB</Filter>
    </ClInclude>
    <ClInclude Include="..\..\Bin\GLFunctions\ARB\ARB_vertex_fragment_shader_Include.h">
      <Filter>Data Files\GLI_Includes\ARB</Filter>
    </ClInclude>
    <ClInclude Include="..\..\Bin\GLFunctions\ARB\ARB_window_pos_Include.h">
      <Filter>Data Files\GLI_Includes\ARB</Filter>
    </ClInclude>
    <ClInclude Include="..\..\Bin\GLFunctions\ATI\ATI_draw_buffers_Include.h">
      <Filter>Data Files\GLI_Includes\ATI</Filter>
    </ClInclude>
    <ClInclude Include="..\..\Bin\GLFunctions\ATI\ATI_envmap_bumpmap_Include.h">
      <Filter>Data Files\GLI_Includes\ATI</Filter>
    </ClInclude>
    <ClInclude Include="..\..\Bin\GLFunctions\ATI\ATI_fragment_shader_Include.h">
      <Filter>Data Files\GLI_Includes\ATI</Filter>
    </ClInclude>
    <ClInclude Include="..\..\Bin\GLFunctions\ATI\ATI_meminfo_Include.h">
      <Filter>Data Files\GLI_Includes\ATI</Filter>
    </ClInclude>
    <ClInclude Include="..\..\Bin\GLFunctions\ATI\ATI_pn_triangles_Include.h">
      <Filter>Data Files\GLI_Includes\ATI</Filter>
    </ClInclude>
    <ClInclude Include="..\..\Bin\GLFunctions\ATI\ATI_separate_stencil_Include.h">
      <Filter>Data Files\GLI_Includes\ATI</Filter>
    </ClInclude>
    <ClInclude Include="..\..\Bin\GLFunctions\ATI\ATI_text_fragment_shader_Include.h">
      <Filter>Data Files\GLI_Includes\ATI</Filter>
    </ClInclude>
    <ClInclude Include="..\..\Bin\GLFunctions\ATI\ATI_texture_compression_3dc_Include.h">
      <Filter>Data Files\GLI_Includes\ATI</Filter>
    </ClInclude>
    <ClInclude Include="..\..\Bin\GLFunctions\ATI\ATI_texture_env_combine3_Include.h">
      <Filter>Data Files\GLI_Includes\ATI</Filter>
    </ClInclude>
    <ClInclude Include="..\..\Bin\GLFunctions\ATI\ATI_vertex_object_Include.h">
      <Filter>Data Files\GLI_Includes\ATI</Filter>
    </ClInclude>
    <ClInclude Include="..\..\Bin\GLFunctions\ATI\ATI_vertex_streams_Include.h">
      <Filter>Data Files\GLI_Includes\ATI</Filter>
    </ClInclude>
    <ClInclude Include="..\..\Bin\GLFunctions\NV\NV_bindless_texture_Include.h">
      <Filter>Data Files\GLI_Includes\NV</Filter>
    </ClInclude>
    <ClInclude Include="..\..\Bin\GLFunctions\NV\NV_conditional_render_Include.h">
      <Filter>Data Files\GLI_Includes\NV</Filter>
    </ClInclude>
    <ClInclude Include="..\..\Bin\GLFunctions\NV\NV_copy_depth_to_color_Include.h">
      <Filter>Data Files\GLI_Includes\NV</Filter>
    </ClInclude>
    <ClInclude Include="..\..\Bin\GLFunctions\NV\NV_copy_image_Include.h">
      <Filter>Data Files\GLI_Includes\NV</Filter>
    </ClInclude>
    <ClInclude Include="..\..\Bin\GLFunctions\NV\NV_depth_buffer_float_Include.h">
      <Filter>Data Files\GLI_Includes\NV</Filter>
    </ClInclude>
    <ClInclude Include="..\..\Bin\GLFunctions\NV\NV_evaluators_Include.h">
      <Filter>Data Files\GLI_Includes\NV</Filter>
    </ClInclude>
    <ClInclude Include="..\..\Bin\GLFunctions\NV\NV_explicit_multisample_Include.h">
      <Filter>Data Files\GLI_Includes\NV</Filter>
    </ClInclude>
    <ClInclude Include="..\..\Bin\GLFunctions\NV\NV_fence_Include.h">
      <Filter>Data Files\GLI_Includes\NV</Filter>
    </ClInclude>
    <ClInclude Include="..\..\Bin\GLFunctions\NV\NV_float_buffer_Include.h">
      <Filter>Data Files\GLI_Includes\NV</Filter>
    </ClInclude>
    <ClInclude Include="..\..\Bin\GLFunctions\NV\NV_fog_distance_Include.h">
      <Filter>Data Files\GLI_Includes\NV</Filter>
    </ClInclude>
    <ClInclude Include="..\..\Bin\GLFunctions\NV\NV_fragment_program2_Include.h">
      <Filter>Data Files\GLI_Includes\NV</Filter>
    </ClInclude>
    <ClInclude Include="..\..\Bin\GLFunctions\NV\NV_framebuffer_multisample_coverage_Include.h">
      <Filter>Data Files\GLI_Includes\NV</Filter>
    </ClInclude>
    <ClInclude Include="..\..\Bin\GLFunctions\NV\NV_geometry_program4_Include.h">
      <Filter>Data Files\GLI_Includes\NV</Filter>
    </ClInclude>
    <ClInclude Include="..\..\Bin\GLFunctions\NV\NV_gpu_program4_Include.h">
      <Filter>Data Files\GLI_Includes\NV</Filter>
    </ClInclude>
    <ClInclude Include="..\..\Bin\GLFunctions\NV\NV_gpu_program5_Include.h">
      <Filter>Data Files\GLI_Includes\NV</Filter>
    </ClInclude>
    <ClInclude Include="..\..\Bin\GLFunctions\NV\NV_gpu_shader5_Include.h">
      <Filter>Data Files\GLI_Includes\NV</Filter>
    </ClInclude>
    <ClInclude Include="..\..\Bin\GLFunctions\NV\NV_half_float_Include.h">
      <Filter>Data Files\GLI_Includes\NV</Filter>
    </ClInclude>
    <ClInclude Include="..\..\Bin\GLFunctions\NV\NV_light_max_exponent_Include.h">
      <Filter>Data Files\GLI_Includes\NV</Filter>
    </ClInclude>
    <ClInclude Include="..\..\Bin\GLFunctions\NV\NV_multisample_coverage_Include.h">
      <Filter>Data Files\GLI_Includes\NV</Filter>
    </ClInclude>
    <ClInclude Include="..\..\Bin\GLFunctions\NV\NV_multisample_filter_hint_Include.h">
      <Filter>Data Files\GLI_Includes\NV</Filter>
    </ClInclude>
    <ClInclude Include="..\..\Bin\GLFunctions\NV\NV_occlusion_query_Include.h">
      <Filter>Data Files\GLI_Includes\NV</Filter>
    </ClInclude>
    <ClInclude Include="..\..\Bin\GLFunctions\NV\NV_parameter_buffer_object_Include.h">
      <Filter>Data Files\GLI_Includes\NV</Filter>
    </ClInclude>
    <ClInclude Include="..\..\Bin\GLFunctions\NV\NV_path_rendering_Include.h">
      <Filter>Data Files\GLI_Includes\NV</Filter>
    </ClInclude>
    <ClInclude Include="..\..\Bin\GLFunctions\NV\NV_pixel_data_range_Include.h">
      <Filter>Data Files\GLI_Includes\NV</Filter>
    </ClInclude>
    <ClInclude Include="..\..\Bin\GLFunctions\NV\NV_point_sprite_Include.h">
      <Filter>Data Files\GLI_Includes\NV</Filter>
    </ClInclude>
    <ClInclude Include="..\..\Bin\GLFunctions\NV\NV_present_video_Include.h">
      <Filter>Data Files\GLI_Includes\NV</Filter>
    </ClInclude>
    <ClInclude Include="..\..\Bin\GLFunctions\NV\NV_primitive_restart_Include.h">
      <Filter>Data Files\GLI_Includes\NV</Filter>
    </ClInclude>
    <ClInclude Include="..\..\Bin\GLFunctions\NV\NV_register_combiners_Include.h">
      <Filter>Data Files\GLI_Includes\NV</Filter>
    </ClInclude>
    <ClInclude Include="..\..\Bin\GLFunctions\NV\NV_shader_buffer_load_Include.h">
      <Filter>Data Files\GLI_Includes\NV</Filter>
    </ClInclude>
    <ClInclude Include="..\..\Bin\GLFunctions\NV\NV_shader_buffer_store_Include.h">
      <Filter>Data Files\GLI_Includes\NV</Filter>
    </ClInclude>
    <ClInclude Include="..\..\Bin\GLFunctions\NV\NV_tessellation_program5_Include.h">
      <Filter>Data Files\GLI_Includes\NV</Filter>
    </ClInclude>
    <ClInclude Include="..\..\Bin\GLFunctions\NV\NV_texgen_emboss_Include.h">
      <Filter>Data Files\GLI_Includes\NV</Filter>
    </ClInclude>
    <ClInclude Include="..\..\Bin\GLFunctions\NV\NV_texture_barrier_Include.h">
      <Filter>Data Files\GLI_Includes\NV</Filter>
    </ClInclude>
    <ClInclude Include="..\..\Bin\GLFunctions\NV\NV_texture_env_combine4_Include.h">
      <Filter>Data Files\GLI_Includes\NV</Filter>
    </ClInclude>
    <ClInclude Include="..\..\Bin\GLFunctions\NV\NV_texture_expand_normal_Include.h">
      <Filter>Data Files\GLI_Includes\NV</Filter>
    </ClInclude>
    <ClInclude Include="..\..\Bin\GLFunctions\NV\NV_texture_multisample_Include.h">
      <Filter>Data Files\GLI_Includes\NV</Filter>
    </ClInclude>
    <ClInclude Include="..\..\Bin\GLFunctions\NV\NV_texture_shader_Include.h">
      <Filter>Data Files\GLI_Includes\NV</Filter>
    </ClInclude>
    <ClInclude Include="..\..\Bin\GLFunctions\NV\NV_transform_feedback2_Include.h">
      <Filter>Data Files\GLI_Includes\NV</Filter>
    </ClInclude>
    <ClInclude Include="..\..\Bin\GLFunctions\NV\NV_transform_feedback_Include.h">
      <Filter>Data Files\GLI_Includes\NV</Filter>
    </ClInclude>
    <ClInclude Include="..\..\Bin\GLFunctions\NV\NV_vdpau_interop_Include.h">
      <Filter>Data Files\GLI_Includes\NV</Filter>
    </ClInclude>
    <ClInclude Include="..\..\Bin\GLFunctions\NV\NV_vertex_array_range_Include.h">
      <Filter>Data Files\GLI_Includes\NV</Filter>
    </ClInclude>
    <ClInclude Include="..\..\Bin\GLFunctions\NV\NV_vertex_attrib_integer_64bit_Include.h">
      <Filter>Data Files\GLI_Includes\NV</Filter>
    </ClInclude>
    <ClInclude Include="..\..\Bin\GLFunctions\NV\NV_vertex_buffer_unified_memory_Include.h">
      <Filter>Data Files\GLI_Includes\NV</Filter>
    </ClInclude>
    <ClInclude Include="..\..\Bin\GLFunctions\NV\NV_vertex_fragment_program_Include.h">
      <Filter>Data Files\GLI_Includes\NV</Filter>
    </ClInclude>
    <ClInclude Include="..\..\Bin\GLFunctions\NV\NV_video_capture_Include.h">
      <Filter>Data Files\GLI_Includes\NV</Filter>
    </ClInclude>
    <ClInclude Include="..\..\Bin\GLFunctions\Misc\3DFX_multisample_Include.h">
      <Filter>Data Files\GLI_Includes\Misc</Filter>
    </ClInclude>
    <ClInclude Include="..\..\Bin\GLFunctions\Misc\3DFX_tbuffer_Include.h">
      <Filter>Data Files\GLI_Includes\Misc</Filter>
    </ClInclude>
    <ClInclude Include="..\..\Bin\GLFunctions\Misc\3DFX_texture_compression_fxt1_Include.h">
      <Filter>Data Files\GLI_Includes\Misc</Filter>
    </ClInclude>
    <ClInclude Include="..\..\Bin\GLFunctions\Misc\AMD_blend_minmax_factor_Include.h">
      <Filter>Data Files\GLI_Includes\Misc</Filter>
    </ClInclude>
    <ClInclude Include="..\..\Bin\GLFunctions\Misc\AMD_debug_output_Include.h">
      <Filter>Data Files\GLI_Includes\Misc</Filter>
    </ClInclude>
    <ClInclude Include="..\..\Bin\GLFunctions\Misc\AMD_depth_clamp_separate_Include.h">
      <Filter>Data Files\GLI_Includes\Misc</Filter>
    </ClInclude>
    <ClInclude Include="..\..\Bin\GLFunctions\Misc\AMD_draw_buffers_blend_Include.h">
      <Filter>Data Files\GLI_Includes\Misc</Filter>
    </ClInclude>
    <ClInclude Include="..\..\Bin\GLFunctions\Misc\AMD_multi_draw_indirect_Include.h">
      <Filter>Data Files\GLI_Includes\Misc</Filter>
    </ClInclude>
    <ClInclude Include="..\..\Bin\GLFunctions\Misc\AMD_name_gen_delete_Include.h">
      <Filter>Data Files\GLI_Includes\Misc</Filter>
    </ClInclude>
    <ClInclude Include="..\..\Bin\GLFunctions\Misc\AMD_performance_monitor_Include.h">
      <Filter>Data Files\GLI_Includes\Misc</Filter>
    </ClInclude>
    <ClInclude Include="..\..\Bin\GLFunctions\Misc\AMD_pinned_memory_Include.h">
      <Filter>Data Files\GLI_Includes\Misc</Filter>
    </ClInclude>
    <ClInclude Include="..\..\Bin\GLFunctions\Misc\AMD_query_buffer_object_Include.h">
      <Filter>Data Files\GLI_Includes\Misc</Filter>
    </ClInclude>
    <ClInclude Include="..\..\Bin\GLFunctions\Misc\AMD_sample_positions_Include.h">
      <Filter>Data Files\GLI_Includes\Misc</Filter>
    </ClInclude>
    <ClInclude Include="..\..\Bin\GLFunctions\Misc\AMD_sparse_texture_Include.h">
      <Filter>Data Files\GLI_Includes\Misc</Filter>
    </ClInclude>
    <ClInclude Include="..\..\Bin\GLFunctions\Misc\AMD_stencil_operation_extended_Include.h">
      <Filter>Data Files\GLI_Includes\Misc</Filter>
    </ClInclude>
    <ClInclude Include="..\..\Bin\GLFunctions\Misc\AMD_vertex_shader_tessellator_Include.h">
      <Filter>Data Files\GLI_Includes\Misc</Filter>
    </ClInclude>
    <ClInclude Include="..\..\Bin\GLFunctions\Misc\APPLE_aux_depth_stencil_Include.h">
      <Filter>Data Files\GLI_Includes\Misc</Filter>
    </ClInclude>
    <ClInclude Include="..\..\Bin\GLFunctions\Misc\APPLE_client_storage_Include.h">
      <Filter>Data Files\GLI_Includes\Misc</Filter>
    </ClInclude>
    <ClInclude Include="..\..\Bin\GLFunctions\Misc\APPLE_element_array_Include.h">
      <Filter>Data Files\GLI_Includes\Misc</Filter>
    </ClInclude>
    <ClInclude Include="..\..\Bin\GLFunctions\Misc\APPLE_fence_Include.h">
      <Filter>Data Files\GLI_Includes\Misc</Filter>
    </ClInclude>
    <ClInclude Include="..\..\Bin\GLFunctions\Misc\APPLE_float_pixels_Include.h">
      <Filter>Data Files\GLI_Includes\Misc</Filter>
    </ClInclude>
    <ClInclude Include="..\..\Bin\GLFunctions\Misc\APPLE_flush_buffer_range_Include.h">
      <Filter>Data Files\GLI_Includes\Misc</Filter>
    </ClInclude>
    <ClInclude Include="..\..\Bin\GLFunctions\Misc\APPLE_object_purgeable_Include.h">
      <Filter>Data Files\GLI_Includes\Misc</Filter>
    </ClInclude>
    <ClInclude Include="..\..\Bin\GLFunctions\Misc\APPLE_rgb_422_Include.h">
      <Filter>Data Files\GLI_Includes\Misc</Filter>
    </ClInclude>
    <ClInclude Include="..\..\Bin\GLFunctions\Misc\APPLE_row_bytes_Include.h">
      <Filter>Data Files\GLI_Includes\Misc</Filter>
    </ClInclude>
    <ClInclude Include="..\..\Bin\GLFunctions\Misc\APPLE_specular_vector_Include.h">
      <Filter>Data Files\GLI_Includes\Misc</Filter>
    </ClInclude>
    <ClInclude Include="..\..\Bin\GLFunctions\Misc\APPLE_texture_range_Include.h">
      <Filter>Data Files\GLI_Includes\Misc</Filter>
    </ClInclude>
    <ClInclude Include="..\..\Bin\GLFunctions\Misc\APPLE_transform_hint_Include.h">
      <Filter>Data Files\GLI_Includes\Misc</Filter>
    </ClInclude>
    <ClInclude Include="..\..\Bin\GLFunctions\Misc\APPLE_vertex_array_object_Include.h">
      <Filter>Data Files\GLI_Includes\Misc</Filter>
    </ClInclude>
    <ClInclude Include="..\..\Bin\GLFunctions\Misc\APPLE_vertex_array_range_Include.h">
      <Filter>Data Files\GLI_Includes\Misc</Filter>
    </ClInclude>
    <ClInclude Include="..\..\Bin\GLFunctions\Misc\APPLE_vertex_program_evaluators_Include.h">
      <Filter>Data Files\GLI_Includes\Misc</Filter>
    </ClInclude>
    <ClInclude Include="..\..\Bin\GLFunctions\Misc\APPLE_ycbcr_422_Include.h">
      <Filter>Data Files\GLI_Includes\Misc</Filter>
    </ClInclude>
    <ClInclude Include="..\..\Bin\GLFunctions\Misc\EXT_422_pixels_Include.h">
      <Filter>Data Files\GLI_Includes\Misc</Filter>
    </ClInclude>
    <ClInclude Include="..\..\Bin\GLFunctions\Misc\EXT_abgr_Include.h">
      <Filter>Data Files\GLI_Includes\Misc</Filter>
    </ClInclude>
    <ClInclude Include="..\..\Bin\GLFunctions\Misc\EXT_bindable_uniform_Include.h">
      <Filter>Data Files\GLI_Includes\Misc</Filter>
    </ClInclude>
    <ClInclude Include="..\..\Bin\GLFunctions\Misc\EXT_blend_Include.h">
      <Filter>Data Files\GLI_Includes\Misc</Filter>
    </ClInclude>
    <ClInclude Include="..\..\Bin\GLFunctions\Misc\EXT_clip_volume_hint_Include.h">
      <Filter>Data Files\GLI_Includes\Misc</Filter>
    </ClInclude>
    <ClInclude Include="..\..\Bin\GLFunctions\Misc\EXT_cmyka_Include.h">
      <Filter>Data Files\GLI_Includes\Misc</Filter>
    </ClInclude>
    <ClInclude Include="..\..\Bin\GLFunctions\Misc\EXT_color_subtable_Include.h">
      <Filter>Data Files\GLI_Includes\Misc</Filter>
    </ClInclude>
    <ClInclude Include="..\..\Bin\GLFunctions\Misc\EXT_compiled_vertex_array_Include.h">
      <Filter>Data Files\GLI_Includes\Misc</Filter>
    </ClInclude>
    <ClInclude Include="..\..\Bin\GLFunctions\Misc\EXT_convolution_Include.h">
      <Filter>Data Files\GLI_Includes\Misc</Filter>
    </ClInclude>
    <ClInclude Include="..\..\Bin\GLFunctions\Misc\EXT_coordinate_frame_Include.h">
      <Filter>Data Files\GLI_Includes\Misc</Filter>
    </ClInclude>
    <ClInclude Include="..\..\Bin\GLFunctions\Misc\EXT_copy_texture_Include.h">
      <Filter>Data Files\GLI_Includes\Misc</Filter>
    </ClInclude>
    <ClInclude Include="..\..\Bin\GLFunctions\Misc\EXT_cull_vertex_Include.h">
      <Filter>Data Files\GLI_Includes\Misc</Filter>
    </ClInclude>
    <ClInclude Include="..\..\Bin\GLFunctions\Misc\EXT_depth_bounds_test_Include.h">
      <Filter>Data Files\GLI_Includes\Misc</Filter>
    </ClInclude>
    <ClInclude Include="..\..\Bin\GLFunctions\Misc\EXT_direct_state_access_Include.h">
      <Filter>Data Files\GLI_Includes\Misc</Filter>
    </ClInclude>
    <ClInclude Include="..\..\Bin\GLFunctions\Misc\EXT_draw_buffers2_Include.h">
      <Filter>Data Files\GLI_Includes\Misc</Filter>
    </ClInclude>
    <ClInclude Include="..\..\Bin\GLFunctions\Misc\EXT_draw_instanced_Include.h">
      <Filter>Data Files\GLI_Includes\Misc</Filter>
    </ClInclude>
    <ClInclude Include="..\..\Bin\GLFunctions\Misc\EXT_draw_range_elements_Include.h">
      <Filter>Data Files\GLI_Includes\Misc</Filter>
    </ClInclude>
    <ClInclude Include="..\..\Bin\GLFunctions\Misc\EXT_fog_coord_Include.h">
      <Filter>Data Files\GLI_Includes\Misc</Filter>
    </ClInclude>
    <ClInclude Include="..\..\Bin\GLFunctions\Misc\EXT_frame_buffer_object_Include.h">
      <Filter>Data Files\GLI_Includes\Misc</Filter>
    </ClInclude>
    <ClInclude Include="..\..\Bin\GLFunctions\Misc\EXT_framebuffer_blit_Include.h">
      <Filter>Data Files\GLI_Includes\Misc</Filter>
    </ClInclude>
    <ClInclude Include="..\..\Bin\GLFunctions\Misc\EXT_framebuffer_multisample_blit_scaled_Include.h">
      <Filter>Data Files\GLI_Includes\Misc</Filter>
    </ClInclude>
    <ClInclude Include="..\..\Bin\GLFunctions\Misc\EXT_framebuffer_multisample_Include.h">
      <Filter>Data Files\GLI_Includes\Misc</Filter>
    </ClInclude>
    <ClInclude Include="..\..\Bin\GLFunctions\Misc\EXT_framebuffer_sRGB_Include.h">
      <Filter>Data Files\GLI_Includes\Misc</Filter>
    </ClInclude>
    <ClInclude Include="..\..\Bin\GLFunctions\Misc\EXT_geometry_shader4_Include.h">
      <Filter>Data Files\GLI_Includes\Misc</Filter>
    </ClInclude>
    <ClInclude Include="..\..\Bin\GLFunctions\Misc\EXT_gpu_program_parameters_Include.h">
      <Filter>Data Files\GLI_Includes\Misc</Filter>
    </ClInclude>
    <ClInclude Include="..\..\Bin\GLFunctions\Misc\EXT_gpu_shader4_Include.h">
      <Filter>Data Files\GLI_Includes\Misc</Filter>
    </ClInclude>
    <ClInclude Include="..\..\Bin\GLFunctions\Misc\EXT_histogram_Include.h">
      <Filter>Data Files\GLI_Includes\Misc</Filter>
    </ClInclude>
    <ClInclude Include="..\..\Bin\GLFunctions\Misc\EXT_index_array_formats_Include.h">
      <Filter>Data Files\GLI_Includes\Misc</Filter>
    </ClInclude>
    <ClInclude Include="..\..\Bin\GLFunctions\Misc\EXT_index_func_Include.h">
      <Filter>Data Files\GLI_Includes\Misc</Filter>
    </ClInclude>
    <ClInclude Include="..\..\Bin\GLFunctions\Misc\EXT_index_material_Include.h">
      <Filter>Data Files\GLI_Includes\Misc</Filter>
    </ClInclude>
    <ClInclude Include="..\..\Bin\GLFunctions\Misc\EXT_legacy_Include.h">
      <Filter>Data Files\GLI_Includes\Misc</Filter>
    </ClInclude>
    <ClInclude Include="..\..\Bin\GLFunctions\Misc\EXT_light_texture_Include.h">
      <Filter>Data Files\GLI_Includes\Misc</Filter>
    </ClInclude>
    <ClInclude Include="..\..\Bin\GLFunctions\Misc\EXT_multi_draw_arrays_Include.h">
      <Filter>Data Files\GLI_Includes\Misc</Filter>
    </ClInclude>
    <ClInclude Include="..\..\Bin\GLFunctions\Misc\EXT_multisample_Include.h">
      <Filter>Data Files\GLI_Includes\Misc</Filter>
    </ClInclude>
    <ClInclude Include="..\..\Bin\GLFunctions\Misc\EXT_packed_float_Include.h">
      <Filter>Data Files\GLI_Includes\Misc</Filter>
    </ClInclude>
    <ClInclude Include="..\..\Bin\GLFunctions\Misc\EXT_paletted_texture_Include.h">
      <Filter>Data Files\GLI_Includes\Misc</Filter>
    </ClInclude>
    <ClInclude Include="..\..\Bin\GLFunctions\Misc\EXT_pixel_transform_Include.h">
      <Filter>Data Files\GLI_Includes\Misc</Filter>
    </ClInclude>
    <ClInclude Include="..\..\Bin\GLFunctions\Misc\EXT_point_parameters_Include.h">
      <Filter>Data Files\GLI_Includes\Misc</Filter>
    </ClInclude>
    <ClInclude Include="..\..\Bin\GLFunctions\Misc\EXT_polygon_offset_Include.h">
      <Filter>Data Files\GLI_Includes\Misc</Filter>
    </ClInclude>
    <ClInclude Include="..\..\Bin\GLFunctions\Misc\EXT_provoking_vertex_Include.h">
      <Filter>Data Files\GLI_Includes\Misc</Filter>
    </ClInclude>
    <ClInclude Include="..\..\Bin\GLFunctions\Misc\EXT_secondary_color_Include.h">
      <Filter>Data Files\GLI_Includes\Misc</Filter>
    </ClInclude>
    <ClInclude Include="..\..\Bin\GLFunctions\Misc\EXT_separate_shader_objects_Include.h">
      <Filter>Data Files\GLI_Includes\Misc</Filter>
    </ClInclude>
    <ClInclude Include="..\..\Bin\GLFunctions\Misc\EXT_shader_image_load_store_Include.h">
      <Filter>Data Files\GLI_Includes\Misc</Filter>
    </ClInclude>
    <ClInclude Include="..\..\Bin\GLFunctions\Misc\EXT_shared_texture_palette_Include.h">
      <Filter>Data Files\GLI_Includes\Misc</Filter>
    </ClInclude>
    <ClInclude Include="..\..\Bin\GLFunctions\Misc\EXT_stencil_clear_tag_Include.h">
      <Filter>Data Files\GLI_Includes\Misc</Filter>
    </ClInclude>
    <ClInclude Include="..\..\Bin\GLFunctions\Misc\EXT_stencil_two_side_Include.h">
      <Filter>Data Files\GLI_Includes\Misc</Filter>
    </ClInclude>
    <ClInclude Include="..\..\Bin\GLFunctions\Misc\EXT_subtexture_Include.h">
      <Filter>Data Files\GLI_Includes\Misc</Filter>
    </ClInclude>
    <ClInclude Include="..\..\Bin\GLFunctions\Misc\EXT_texture3D_Include.h">
      <Filter>Data Files\GLI_Includes\Misc</Filter>
    </ClInclude>
    <ClInclude Include="..\..\Bin\GLFunctions\Misc\EXT_texture_array_Include.h">
      <Filter>Data Files\GLI_Includes\Misc</Filter>
    </ClInclude>
    <ClInclude Include="..\..\Bin\GLFunctions\Misc\EXT_texture_buffer_object_Include.h">
      <Filter>Data Files\GLI_Includes\Misc</Filter>
    </ClInclude>
    <ClInclude Include="..\..\Bin\GLFunctions\Misc\EXT_texture_compression_latc_Include.h">
      <Filter>Data Files\GLI_Includes\Misc</Filter>
    </ClInclude>
    <ClInclude Include="..\..\Bin\GLFunctions\Misc\EXT_texture_compression_s3tc_Include.h">
      <Filter>Data Files\GLI_Includes\Misc</Filter>
    </ClInclude>
    <ClInclude Include="..\..\Bin\GLFunctions\Misc\EXT_texture_filter_anisotropic_Include.h">
      <Filter>Data Files\GLI_Includes\Misc</Filter>
    </ClInclude>
    <ClInclude Include="..\..\Bin\GLFunctions\Misc\EXT_texture_integer_Include.h">
      <Filter>Data Files\GLI_Includes\Misc</Filter>
    </ClInclude>
    <ClInclude Include="..\..\Bin\GLFunctions\Misc\EXT_texture_mirror_clamp_Include.h">
      <Filter>Data Files\GLI_Includes\Misc</Filter>
    </ClInclude>
    <ClInclude Include="..\..\Bin\GLFunctions\Misc\EXT_texture_object_Include.h">
      <Filter>Data Files\GLI_Includes\Misc</Filter>
    </ClInclude>
    <ClInclude Include="..\..\Bin\GLFunctions\Misc\EXT_texture_perturb_normal_Include.h">
      <Filter>Data Files\GLI_Includes\Misc</Filter>
    </ClInclude>
    <ClInclude Include="..\..\Bin\GLFunctions\Misc\EXT_texture_snorm_Include.h">
      <Filter>Data Files\GLI_Includes\Misc</Filter>
    </ClInclude>
    <ClInclude Include="..\..\Bin\GLFunctions\Misc\EXT_texture_srgb_decode_Include.h">
      <Filter>Data Files\GLI_Includes\Misc</Filter>
    </ClInclude>
    <ClInclude Include="..\..\Bin\GLFunctions\Misc\EXT_texture_sRGB_Include.h">
      <Filter>Data Files\GLI_Includes\Misc</Filter>
    </ClInclude>
    <ClInclude Include="..\..\Bin\GLFunctions\Misc\EXT_timer_query_Include.h">
      <Filter>Data Files\GLI_Includes\Misc</Filter>
    </ClInclude>
    <ClInclude Include="..\..\Bin\GLFunctions\Misc\EXT_transform_feedback_Include.h">
      <Filter>Data Files\GLI_Includes\Misc</Filter>
    </ClInclude>
    <ClInclude Include="..\..\Bin\GLFunctions\Misc\EXT_vertex_array_Include.h">
      <Filter>Data Files\GLI_Includes\Misc</Filter>
    </ClInclude>
    <ClInclude Include="..\..\Bin\GLFunctions\Misc\EXT_vertex_attrib_64bit_Include.h">
      <Filter>Data Files\GLI_Includes\Misc</Filter>
    </ClInclude>
    <ClInclude Include="..\..\Bin\GLFunctions\Misc\EXT_vertex_shader_Include.h">
      <Filter>Data Files\GLI_Includes\Misc</Filter>
    </ClInclude>
    <ClInclude Include="..\..\Bin\GLFunctions\Misc\EXT_vertex_weighting_Include.h">
      <Filter>Data Files\GLI_Includes\Misc</Filter>
    </ClInclude>
    <ClInclude Include="..\..\Bin\GLFunctions\Misc\EXT_x11_sync_object_Include.h">
      <Filter>Data Files\GLI_Includes\Misc</Filter>
    </ClInclude>
    <ClInclude Include="..\..\Bin\GLFunctions\Misc\GREMEDY_frame_terminator_Include.h">
      <Filter>Data Files\GLI_Includes\Misc</Filter>
    </ClInclude>
    <ClInclude Include="..\..\Bin\GLFunctions\Misc\GREMEDY_string_marker_Include.h">
      <Filter>Data Files\GLI_Includes\Misc</Filter>
    </ClInclude>
    <ClInclude Include="..\..\Bin\GLFunctions\Misc\HP_convolution_border_modes_Include.h">
      <Filter>Data Files\GLI_Includes\Misc</Filter>
    </ClInclude>
    <ClInclude Include="..\..\Bin\GLFunctions\Misc\HP_image_transform_Include.h">
      <Filter>Data Files\GLI_Includes\Misc</Filter>
    </ClInclude>
    <ClInclude Include="..\..\Bin\GLFunctions\Misc\HP_occlusion_test_Include.h">
      <Filter>Data Files\GLI_Includes\Misc</Filter>
    </ClInclude>
    <ClInclude Include="..\..\Bin\GLFunctions\Misc\HP_texture_lighting_Include.h">
      <Filter>Data Files\GLI_Includes\Misc</Filter>
    </ClInclude>
    <ClInclude Include="..\..\Bin\GLFunctions\Misc\IBM_cull_vertex_Include.h">
      <Filter>Data Files\GLI_Includes\Misc</Filter>
    </ClInclude>
    <ClInclude Include="..\..\Bin\GLFunctions\Misc\IBM_multimode_draw_arrays_Include.h">
      <Filter>Data Files\GLI_Includes\Misc</Filter>
    </ClInclude>
    <ClInclude Include="..\..\Bin\GLFunctions\Misc\IBM_rasterpos_clip_Include.h">
      <Filter>Data Files\GLI_Includes\Misc</Filter>
    </ClInclude>
    <ClInclude Include="..\..\Bin\GLFunctions\Misc\IBM_static_data_Include.h">
      <Filter>Data Files\GLI_Includes\Misc</Filter>
    </ClInclude>
    <ClInclude Include="..\..\Bin\GLFunctions\Misc\IBM_vertex_array_lists_Include.h">
      <Filter>Data Files\GLI_Includes\Misc</Filter>
    </ClInclude>
    <ClInclude Include="..\..\Bin\GLFunctions\Misc\INGR_blend_func_separate_Include.h">
      <Filter>Data Files\GLI_Includes\Misc</Filter>
    </ClInclude>
    <ClInclude Include="..\..\Bin\GLFunctions\Misc\INGR_color_clamp_Include.h">
      <Filter>Data Files\GLI_Includes\Misc</Filter>
    </ClInclude>
    <ClInclude Include="..\..\Bin\GLFunctions\Misc\INGR_interlace_read_Include.h">
      <Filter>Data Files\GLI_Includes\Misc</Filter>
    </ClInclude>
    <ClInclude Include="..\..\Bin\GLFunctions\Misc\INTEL_parallel_arrays_Include.h">
      <Filter>Data Files\GLI_Includes\Misc</Filter>
    </ClInclude>
    <ClInclude Include="..\..\Bin\GLFunctions\Misc\KHR_texture_compression_astc_ldr_Include.h">
      <Filter>Data Files\GLI_Includes\Misc</Filter>
    </ClInclude>
    <ClInclude Include="..\..\Bin\GLFunctions\Misc\MESA_pack_invert_Include.h">
      <Filter>Data Files\GLI_Includes\Misc</Filter>
    </ClInclude>
    <ClInclude Include="..\..\Bin\GLFunctions\Misc\MESA_resize_buffers_Include.h">
      <Filter>Data Files\GLI_Includes\Misc</Filter>
    </ClInclude>
    <ClInclude Include="..\..\Bin\GLFunctions\Misc\MESA_window_pos_Include.h">
      <Filter>Data Files\GLI_Includes\Misc</Filter>
    </ClInclude>
    <ClInclude Include="..\..\Bin\GLFunctions\Misc\MESA_ycbcr_texture_Include.h">
      <Filter>Data Files\GLI_Includes\Misc</Filter>
    </ClInclude>
    <ClInclude Include="..\..\Bin\GLFunctions\Misc\MESAX_texture_stack_Include.h">
      <Filter>Data Files\GLI_Includes\Misc</Filter>
    </ClInclude>
    <ClInclude Include="..\..\Bin\GLFunctions\Misc\OML_interlace_Include.h">
      <Filter>Data Files\GLI_Includes\Misc</Filter>
    </ClInclude>
    <ClInclude Include="..\..\Bin\GLFunctions\Misc\OML_resample_Include.h">
      <Filter>Data Files\GLI_Includes\Misc</Filter>
    </ClInclude>
    <ClInclude Include="..\..\Bin\GLFunctions\Misc\OML_subsample_Include.h">
      <Filter>Data Files\GLI_Includes\Misc</Filter>
    </ClInclude>
    <ClInclude Include="..\..\Bin\GLFunctions\Misc\PGI_misc_hints_Include.h">
      <Filter>Data Files\GLI_Includes\Misc</Filter>
    </ClInclude>
    <ClInclude Include="..\..\Bin\GLFunctions\Misc\PGI_vertex_hints_Include.h">
      <Filter>Data Files\GLI_Includes\Misc</Filter>
    </ClInclude>
    <ClInclude Include="..\..\Bin\GLFunctions\Misc\REND_screen_coordinates_Include.h">
      <Filter>Data Files\GLI_Includes\Misc</Filter>
    </ClInclude>
    <ClInclude Include="..\..\Bin\GLFunctions\Misc\S3_s3tc_Include.h">
      <Filter>Data Files\GLI_Includes\Misc</Filter>
    </ClInclude>
    <ClInclude Include="..\..\Bin\GLFunctions\Misc\SGI_color_table_Include.h">
      <Filter>Data Files\GLI_Includes\Misc</Filter>
    </ClInclude>
    <ClInclude Include="..\..\Bin\GLFunctions\Misc\SGI_depth_pass_instrument_Include.h">
      <Filter>Data Files\GLI_Includes\Misc</Filter>
    </ClInclude>
    <ClInclude Include="..\..\Bin\GLFunctions\Misc\SGI_texture_color_table_Include.h">
      <Filter>Data Files\GLI_Includes\Misc</Filter>
    </ClInclude>
    <ClInclude Include="..\..\Bin\GLFunctions\Misc\SGIS_detail_texture_Include.h">
      <Filter>Data Files\GLI_Includes\Misc</Filter>
    </ClInclude>
    <ClInclude Include="..\..\Bin\GLFunctions\Misc\SGIS_fog_function_Include.h">
      <Filter>Data Files\GLI_Includes\Misc</Filter>
    </ClInclude>
    <ClInclude Include="..\..\Bin\GLFunctions\Misc\SGIS_multisample_Include.h">
      <Filter>Data Files\GLI_Includes\Misc</Filter>
    </ClInclude>
    <ClInclude Include="..\..\Bin\GLFunctions\Misc\SGIS_pixel_texture_Include.h">
      <Filter>Data Files\GLI_Includes\Misc</Filter>
    </ClInclude>
    <ClInclude Include="..\..\Bin\GLFunctions\Misc\SGIS_point_line_texgen_Include.h">
      <Filter>Data Files\GLI_Includes\Misc</Filter>
    </ClInclude>
    <ClInclude Include="..\..\Bin\GLFunctions\Misc\SGIS_point_parameters_Include.h">
      <Filter>Data Files\GLI_Includes\Misc</Filter>
    </ClInclude>
    <ClInclude Include="..\..\Bin\GLFunctions\Misc\SGIS_sharpen_texture_Include.h">
      <Filter>Data Files\GLI_Includes\Misc</Filter>
    </ClInclude>
    <ClInclude Include="..\..\Bin\GLFunctions\Misc\SGIS_texture4d_Include.h">
      <Filter>Data Files\GLI_Includes\Misc</Filter>
    </ClInclude>
    <ClInclude Include="..\..\Bin\GLFunctions\Misc\SGIS_texture_color_mask_Include.h">
      <Filter>Data Files\GLI_Includes\Misc</Filter>
    </ClInclude>
    <ClInclude Include="..\..\Bin\GLFunctions\Misc\SGIS_texture_filter4_Include.h">
      <Filter>Data Files\GLI_Includes\Misc</Filter>
    </ClInclude>
    <ClInclude Include="..\..\Bin\GLFunctions\Misc\SGIS_texture_select_Include.h">
      <Filter>Data Files\GLI_Includes\Misc</Filter>
    </ClInclude>
    <ClInclude Include="..\..\Bin\GLFunctions\Misc\SGIX_async_histogram_Include.h">
      <Filter>Data Files\GLI_Includes\Misc</Filter>
    </ClInclude>
    <ClInclude Include="..\..\Bin\GLFunctions\Misc\SGIX_async_Include.h">
      <Filter>Data Files\GLI_Includes\Misc</Filter>
    </ClInclude>
    <ClInclude Include="..\..\Bin\GLFunctions\Misc\SGIX_async_pixel_Include.h">
      <Filter>Data Files\GLI_Includes\Misc</Filter>
    </ClInclude>
    <ClInclude Include="..\..\Bin\GLFunctions\Misc\SGIX_blend_alpha_minmax_Include.h">
      <Filter>Data Files\GLI_Includes\Misc</Filter>
    </ClInclude>
    <ClInclude Include="..\..\Bin\GLFunctions\Misc\SGIX_calligraphic_fragment_Include.h">
      <Filter>Data Files\GLI_Includes\Misc</Filter>
    </ClInclude>
    <ClInclude Include="..\..\Bin\GLFunctions\Misc\SGIX_clipmap_Include.h">
      <Filter>Data Files\GLI_Includes\Misc</Filter>
    </ClInclude>
    <ClInclude Include="..\..\Bin\GLFunctions\Misc\SGIX_convolution_accuracy_Include.h">
      <Filter>Data Files\GLI_Includes\Misc</Filter>
    </ClInclude>
    <ClInclude Include="..\..\Bin\GLFunctions\Misc\SGIX_flush_raster_Include.h">
      <Filter>Data Files\GLI_Includes\Misc</Filter>
    </ClInclude>
    <ClInclude Include="..\..\Bin\GLFunctions\Misc\SGIX_fog_offset_Include.h">
      <Filter>Data Files\GLI_Includes\Misc</Filter>
    </ClInclude>
    <ClInclude Include="..\..\Bin\GLFunctions\Misc\SGIX_fog_scale_Include.h">
      <Filter>Data Files\GLI_Includes\Misc</Filter>
    </ClInclude>
    <ClInclude Include="..\..\Bin\GLFunctions\Misc\SGIX_fragment_lighting_Include.h">
      <Filter>Data Files\GLI_Includes\Misc</Filter>
    </ClInclude>
    <ClInclude Include="..\..\Bin\GLFunctions\Misc\SGIX_framezoom_Include.h">
      <Filter>Data Files\GLI_Includes\Misc</Filter>
    </ClInclude>
    <ClInclude Include="..\..\Bin\GLFunctions\Misc\SGIX_igloo_interface_Include.h">
      <Filter>Data Files\GLI_Includes\Misc</Filter>
    </ClInclude>
    <ClInclude Include="..\..\Bin\GLFunctions\Misc\SGIX_impact_pixel_texture_Include.h">
      <Filter>Data Files\GLI_Includes\Misc</Filter>
    </ClInclude>
    <ClInclude Include="..\..\Bin\GLFunctions\Misc\SGIX_instruments_Include.h">
      <Filter>Data Files\GLI_Includes\Misc</Filter>
    </ClInclude>
    <ClInclude Include="..\..\Bin\GLFunctions\Misc\SGIX_interlace_Include.h">
      <Filter>Data Files\GLI_Includes\Misc</Filter>
    </ClInclude>
    <ClInclude Include="..\..\Bin\GLFunctions\Misc\SGIX_ir_instrument1_Include.h">
      <Filter>Data Files\GLI_Includes\Misc</Filter>
    </ClInclude>
    <ClInclude Include="..\..\Bin\GLFunctions\Misc\SGIX_list_priority_Include.h">
      <Filter>Data Files\GLI_Includes\Misc</Filter>
    </ClInclude>
    <ClInclude Include="..\..\Bin\GLFunctions\Misc\SGIX_pixel_texture_Include.h">
      <Filter>Data Files\GLI_Includes\Misc</Filter>
    </ClInclude>
    <ClInclude Include="..\..\Bin\GLFunctions\Misc\SGIX_pixel_tiles_Include.h">
      <Filter>Data Files\GLI_Includes\Misc</Filter>
    </ClInclude>
    <ClInclude Include="..\..\Bin\GLFunctions\Misc\SGIX_polynomial_ffd_Include.h">
      <Filter>Data Files\GLI_Includes\Misc</Filter>
    </ClInclude>
    <ClInclude Include="..\..\Bin\GLFunctions\Misc\SGIX_reference_plane_Include.h">
      <Filter>Data Files\GLI_Includes\Misc</Filter>
    </ClInclude>
    <ClInclude Include="..\..\Bin\GLFunctions\Misc\SGIX_resample_Include.h">
      <Filter>Data Files\GLI_Includes\Misc</Filter>
    </ClInclude>
    <ClInclude Include="..\..\Bin\GLFunctions\Misc\SGIX_scalebias_hint_Include.h">
      <Filter>Data Files\GLI_Includes\Misc</Filter>
    </ClInclude>
    <ClInclude Include="..\..\Bin\GLFunctions\Misc\SGIX_shadow_Include.h">
      <Filter>Data Files\GLI_Includes\Misc</Filter>
    </ClInclude>
    <ClInclude Include="..\..\Bin\GLFunctions\Misc\SGIX_sprite_Include.h">
      <Filter>Data Files\GLI_Includes\Misc</Filter>
    </ClInclude>
    <ClInclude Include="..\..\Bin\GLFunctions\Misc\SGIX_subsample_Include.h">
      <Filter>Data Files\GLI_Includes\Misc</Filter>
    </ClInclude>
    <ClInclude Include="..\..\Bin\GLFunctions\Misc\SGIX_tag_sample_buffer_Include.h">
      <Filter>Data Files\GLI_Includes\Misc</Filter>
    </ClInclude>
    <ClInclude Include="..\..\Bin\GLFunctions\Misc\SGIX_texture_add_env_Include.h">
      <Filter>Data Files\GLI_Includes\Misc</Filter>
    </ClInclude>
    <ClInclude Include="..\..\Bin\GLFunctions\Misc\SGIX_texture_coordinate_clamp_Include.h">
      <Filter>Data Files\GLI_Includes\Misc</Filter>
    </ClInclude>
    <ClInclude Include="..\..\Bin\GLFunctions\Misc\SGIX_texture_lod_bias_Include.h">
      <Filter>Data Files\GLI_Includes\Misc</Filter>
    </ClInclude>
    <ClInclude Include="..\..\Bin\GLFunctions\Misc\SGIX_texture_multi_buffer_Include.h">
      <Filter>Data Files\GLI_Includes\Misc</Filter>
    </ClInclude>
    <ClInclude Include="..\..\Bin\GLFunctions\Misc\SGIX_texture_range_Include.h">
      <Filter>Data Files\GLI_Includes\Misc</Filter>
    </ClInclude>
    <ClInclude Include="..\..\Bin\GLFunctions\Misc\SGIX_texture_scale_bias_Include.h">
      <Filter>Data Files\GLI_Includes\Misc</Filter>
    </ClInclude>
    <ClInclude Include="..\..\Bin\GLFunctions\Misc\SGIX_vertex_preclip_Include.h">
      <Filter>Data Files\GLI_Includes\Misc</Filter>
    </ClInclude>
    <ClInclude Include="..\..\Bin\GLFunctions\Misc\SGIX_ycrcb_Include.h">
      <Filter>Data Files\GLI_Includes\Misc</Filter>
    </ClInclude>
    <ClInclude Include="..\..\Bin\GLFunctions\Misc\SGIX_ycrcba_Include.h">
      <Filter>Data Files\GLI_Includes\Misc</Filter>
    </ClInclude>
    <ClInclude Include="..\..\Bin\GLFunctions\Misc\SUN_convolution_border_modes_Include.h">
      <Filter>Data Files\GLI_Includes\Misc</Filter>
    </ClInclude>
    <ClInclude Include="..\..\Bin\GLFunctions\Misc\SUN_global_alpha_Include.h">
      <Filter>Data Files\GLI_Includes\Misc</Filter>
    </ClInclude>
    <ClInclude Include="..\..\Bin\GLFunctions\Misc\SUN_mesh_array_Include.h">
      <Filter>Data Files\GLI_Includes\Misc</Filter>
    </ClInclude>
    <ClInclude Include="..\..\Bin\GLFunctions\Misc\SUN_slice_accum_Include.h">
      <Filter>Data Files\GLI_Includes\Misc</Filter>
    </ClInclude>
    <ClInclude Include="..\..\Bin\GLFunctions\Misc\SUN_triangle_list_Include.h">
      <Filter>Data Files\GLI_Includes\Misc</Filter>
    </ClInclude>
    <ClInclude Include="..\..\Bin\GLFunctions\Misc\SUN_vertex_Include.h">
      <Filter>Data Files\GLI_Includes\Misc</Filter>
    </ClInclude>
    <ClInclude Include="..\..\Bin\GLFunctions\Misc\SUNX_constant_data_Include.h">
      <Filter>Data Files\GLI_Includes\Misc</Filter>
    </ClInclude>
    <ClInclude Include="..\..\Bin\GLFunctions\Misc\WIN_phong_shading_Include.h">
      <Filter>Data Files\GLI_Includes\Misc</Filter>
    </ClInclude>
    <ClInclude Include="..\..\Bin\GLFunctions\Misc\WIN_specular_fog_Include.h">
      <Filter>Data Files\GLI_Includes\Misc</Filter>
    </ClInclude>
    <ClInclude Include="..\..\Bin\GLFunctions\XGL\XGL_EXT_import_context_Include.h">
      <Filter>Data Files\GLI_Includes\XGL</Filter>
    </ClInclude>
    <ClInclude Include="..\..\Bin\GLFunctions\XGL\XGL_EXT_texture_from_pixmap_Include.h">
      <Filter>Data Files\GLI_Includes\XGL</Filter>
    </ClInclude>
    <ClInclude Include="..\..\Bin\GLFunctions\XGL\XGL_SGI_swap_control_Include.h">
      <Filter>Data Files\GLI_Includes\XGL</Filter>
    </ClInclude>
    <ClInclude Include="..\..\Bin\GLFunctions\XGL\XGL_SGI_video_sync_Include.h">
      <Filter>Data Files\GLI_Includes\XGL</Filter>
    </ClInclude>
    <ClInclude Include="..\..\Bin\GLFunctions\XGL\XGLCore_Include.h">
      <Filter>Data Files\GLI_Includes\XGL</Filter>
    </ClInclude>
    <ClInclude Include="CommonErrorLog.h">
      <Filter>Common</Filter>
    </ClInclude>
    <ClInclude Include="..\Common\OSDefines.h">
      <Filter>Common</Filter>
    </ClInclude>
    <ClInclude Include="..\Common\ConfigParser.h">
      <Filter>Common\ConfigParser</Filter>
    </ClInclude>
    <ClInclude Include="..\Common\ErrorLog.h">
      <Filter>Common\SysUtils</Filter>
    </ClInclude>
    <ClInclude Include="..\Common\FileUtils.h">
      <Filter>Common\SysUtils</Filter>
    </ClInclude>
    <ClInclude Include="..\Common\InputUtils.h">
      <Filter>Common\SysUtils</Filter>
    </ClInclude>
    <ClInclude Include="..\Common\MiscUtils.h">
      <Filter>Common\SysUtils</Filter>
    </ClInclude>
    <ClInclude Include="MovieMaker.h">
      <Filter>Common\SysUtils</Filter>
    </ClInclude>
    <ClInclude Include="ConfigDataExport.h">
      <Filter>Source Files</Filter>
    </ClInclude>
  </ItemGroup>
  <ItemGroup>
    <None Include="glIntercept.def">
      <Filter>Header Files</Filter>
    </None>
    <None Include="..\..\Bin\MainLib\gliConfig.ini">
      <Filter>Data Files</Filter>
    </None>
  </ItemGroup>
  <ItemGroup>
    <Xml Include="..\..\Bin\XSL\gliIntercept_Basic.xsl">
      <Filter>Data Files\XSL</Filter>
    </Xml>
    <Xml Include="..\..\Bin\XSL\gliIntercept_DHTML2.xsl">
      <Filter>Data Files\XSL</Filter>
    </Xml>
  </ItemGroup>
  <ItemGroup>
    <Text Include="..\..\Docs\readme.txt">
      <Filter>Data Files\Docs</Filter>
    </Text>
    <Text Include="..\..\Docs\readme_src.txt">
      <Filter>Data Files\Docs</Filter>
    </Text>
    <Text Include="..\..\Docs\version_info.txt">
      <Filter>Data Files\Docs</Filter>
    </Text>
  </ItemGroup>
  <ItemGroup>
    <CustomBuild Include="ExtensionFunctionStubs_64.asm">
      <Filter>Source Files\ExtensionFunction</Filter>
    </CustomBuild>
  </ItemGroup>
</Project>